// !$*UTF8*$!
{
	archiveVersion = 1;
	classes = {
	};
	objectVersion = 46;
	objects = {

/* Begin PBXAggregateTarget section */
		24416B8111C4CA220047AFDD /* Build & Test */ = {
			isa = PBXAggregateTarget;
			buildConfigurationList = 24416B8A11C4CA520047AFDD /* Build configuration list for PBXAggregateTarget "Build & Test" */;
			buildPhases = (
				24416B8011C4CA220047AFDD /* ShellScript */,
			);
			dependencies = (
				24416B8511C4CA280047AFDD /* PBXTargetDependency */,
			);
			name = "Build & Test";
			productName = "Build & test";
		};
/* End PBXAggregateTarget section */

/* Begin PBXBuildFile section */
		AA747D9F0F9514B9006C5449 /* akylas.googlemap_Prefix.pch in Headers */ = {isa = PBXBuildFile; fileRef = AA747D9E0F9514B9006C5449 /* akylas.googlemap_Prefix.pch */; };
		AACBBE4A0F95108600F1A2B1 /* Foundation.framework in Frameworks */ = {isa = PBXBuildFile; fileRef = AACBBE490F95108600F1A2B1 /* Foundation.framework */; };
		D50CEAE71B470B9F00A81023 /* AkylasMapBaseClusterProxy.h in Headers */ = {isa = PBXBuildFile; fileRef = D50CEAE51B470B9F00A81023 /* AkylasMapBaseClusterProxy.h */; };
		D50CEAE81B470B9F00A81023 /* AkylasMapBaseClusterProxy.m in Sources */ = {isa = PBXBuildFile; fileRef = D50CEAE61B470B9F00A81023 /* AkylasMapBaseClusterProxy.m */; };
		D512CC3D1B8A028200C0E691 /* SMCalloutView.h in Headers */ = {isa = PBXBuildFile; fileRef = D512CC391B8A028200C0E691 /* SMCalloutView.h */; };
		D512CC3E1B8A028200C0E691 /* SMCalloutView.m in Sources */ = {isa = PBXBuildFile; fileRef = D512CC3A1B8A028200C0E691 /* SMCalloutView.m */; };
		D512CC3F1B8A028200C0E691 /* SMClassicCalloutView.h in Headers */ = {isa = PBXBuildFile; fileRef = D512CC3B1B8A028200C0E691 /* SMClassicCalloutView.h */; };
		D512CC401B8A028200C0E691 /* SMClassicCalloutView.m in Sources */ = {isa = PBXBuildFile; fileRef = D512CC3C1B8A028200C0E691 /* SMClassicCalloutView.m */; };
		D513AA8B1B6774DE005448BF /* GClusterAlgorithm.m in Sources */ = {isa = PBXBuildFile; fileRef = D513AA8A1B6774DE005448BF /* GClusterAlgorithm.m */; settings = {COMPILER_FLAGS = "-fobjc-arc"; }; };
		D53E80821C6229E700D0B972 /* AkylasGooglemapUTFGridProxy.h in Headers */ = {isa = PBXBuildFile; fileRef = D53E807E1C6229E700D0B972 /* AkylasGooglemapUTFGridProxy.h */; };
		D53E80831C6229E700D0B972 /* AkylasGooglemapUTFGridProxy.m in Sources */ = {isa = PBXBuildFile; fileRef = D53E807F1C6229E700D0B972 /* AkylasGooglemapUTFGridProxy.m */; };
		D53E80841C6229E700D0B972 /* AkylasUTFGridTileLayer.h in Headers */ = {isa = PBXBuildFile; fileRef = D53E80801C6229E700D0B972 /* AkylasUTFGridTileLayer.h */; };
		D53E80851C6229E700D0B972 /* AkylasUTFGridTileLayer.m in Sources */ = {isa = PBXBuildFile; fileRef = D53E80811C6229E700D0B972 /* AkylasUTFGridTileLayer.m */; };
		D550468D1D684A960047F408 /* GoogleMapsBase.framework in Frameworks */ = {isa = PBXBuildFile; fileRef = D550468C1D684A960047F408 /* GoogleMapsBase.framework */; };
		D55B299F1ACBFBEC008C0279 /* AkylasGooglemapModule.m in Sources */ = {isa = PBXBuildFile; fileRef = D578CAEF19234D2B0019CA5A /* AkylasGooglemapModule.m */; };
		D55C81871AD673C700339334 /* CoreLocation.framework in Frameworks */ = {isa = PBXBuildFile; fileRef = D55C81861AD673C700339334 /* CoreLocation.framework */; };
		D55C81FE1AD6B8B600339334 /* AkylasMapBaseView.h in Headers */ = {isa = PBXBuildFile; fileRef = D55C81FC1AD6B8B600339334 /* AkylasMapBaseView.h */; };
		D55C81FF1AD6B8B600339334 /* AkylasMapBaseView.m in Sources */ = {isa = PBXBuildFile; fileRef = D55C81FD1AD6B8B600339334 /* AkylasMapBaseView.m */; };
		D56F8F421B43D56B00570916 /* GClusterManager.m in Sources */ = {isa = PBXBuildFile; fileRef = D56F8F371B43D52C00570916 /* GClusterManager.m */; settings = {COMPILER_FLAGS = "-fobjc-arc"; }; };
		D56F8F481B43D58800570916 /* GQuadItem.m in Sources */ = {isa = PBXBuildFile; fileRef = D56F8F2F1B43D52C00570916 /* GQuadItem.m */; settings = {COMPILER_FLAGS = "-fobjc-arc"; }; };
		D56F8F4A1B43D58800570916 /* GStaticCluster.m in Sources */ = {isa = PBXBuildFile; fileRef = D56F8F311B43D52C00570916 /* GStaticCluster.m */; settings = {COMPILER_FLAGS = "-fobjc-arc"; }; };
		D56F8F4C1B43D58800570916 /* NonHierarchicalDistanceBasedAlgorithm.m in Sources */ = {isa = PBXBuildFile; fileRef = D56F8F331B43D52C00570916 /* NonHierarchicalDistanceBasedAlgorithm.m */; settings = {COMPILER_FLAGS = "-fobjc-arc"; }; };
		D56F8F4E1B43D58800570916 /* SphericalMercatorProjection.m in Sources */ = {isa = PBXBuildFile; fileRef = D56F8F3E1B43D52C00570916 /* SphericalMercatorProjection.m */; settings = {COMPILER_FLAGS = "-fobjc-arc"; }; };
		D56F8F521B43D58800570916 /* GQTPointQuadTree.m in Sources */ = {isa = PBXBuildFile; fileRef = D56F8F271B43D52100570916 /* GQTPointQuadTree.m */; settings = {COMPILER_FLAGS = "-fobjc-arc"; }; };
		D56F8F541B43D58800570916 /* GQTPointQuadTreeChild.m in Sources */ = {isa = PBXBuildFile; fileRef = D56F8F291B43D52100570916 /* GQTPointQuadTreeChild.m */; settings = {COMPILER_FLAGS = "-fobjc-arc"; }; };
		D56F8F581B43D8A900570916 /* AkylasGooglemapClusterRenderer.h in Headers */ = {isa = PBXBuildFile; fileRef = D56F8F561B43D8A900570916 /* AkylasGooglemapClusterRenderer.h */; };
		D56F8F591B43D8A900570916 /* AkylasGooglemapClusterRenderer.m in Sources */ = {isa = PBXBuildFile; fileRef = D56F8F571B43D8A900570916 /* AkylasGooglemapClusterRenderer.m */; settings = {COMPILER_FLAGS = "-fobjc-arc"; }; };
		D56F8F601B43DA3300570916 /* AkylasGooglemapClusterProxy.h in Headers */ = {isa = PBXBuildFile; fileRef = D56F8F5E1B43DA3300570916 /* AkylasGooglemapClusterProxy.h */; };
		D56F8F611B43DA3300570916 /* AkylasGooglemapClusterProxy.m in Sources */ = {isa = PBXBuildFile; fileRef = D56F8F5F1B43DA3300570916 /* AkylasGooglemapClusterProxy.m */; };
		D578CAF619234D2B0019CA5A /* AkylasGooglemapModule.h in Headers */ = {isa = PBXBuildFile; fileRef = D578CAEE19234D2B0019CA5A /* AkylasGooglemapModule.h */; };
		D58FC1D71B63ED2A0080C88B /* GridBasedAlgorithm.h in Headers */ = {isa = PBXBuildFile; fileRef = D58FC1D51B63ED2A0080C88B /* GridBasedAlgorithm.h */; };
		D58FC1D81B63ED2A0080C88B /* GridBasedAlgorithm.m in Sources */ = {isa = PBXBuildFile; fileRef = D58FC1D61B63ED2A0080C88B /* GridBasedAlgorithm.m */; settings = {COMPILER_FLAGS = "-fobjc-arc"; }; };
		D594D1711AD55FE300EA6005 /* AkylasGMSMBTilesLayer.h in Headers */ = {isa = PBXBuildFile; fileRef = D594D15A1AD55FE300EA6005 /* AkylasGMSMBTilesLayer.h */; };
		D594D1721AD55FE300EA6005 /* AkylasGMSMBTilesLayer.m in Sources */ = {isa = PBXBuildFile; fileRef = D594D15B1AD55FE300EA6005 /* AkylasGMSMBTilesLayer.m */; };
		D594D1731AD55FE300EA6005 /* AkylasGMSURLTileLayer.h in Headers */ = {isa = PBXBuildFile; fileRef = D594D15C1AD55FE300EA6005 /* AkylasGMSURLTileLayer.h */; };
		D594D1741AD55FE300EA6005 /* AkylasGMSURLTileLayer.m in Sources */ = {isa = PBXBuildFile; fileRef = D594D15D1AD55FE300EA6005 /* AkylasGMSURLTileLayer.m */; };
		D594D1771AD55FE300EA6005 /* AkylasGooglemapView.h in Headers */ = {isa = PBXBuildFile; fileRef = D594D1601AD55FE300EA6005 /* AkylasGooglemapView.h */; };
		D594D1781AD55FE300EA6005 /* AkylasGooglemapView.m in Sources */ = {isa = PBXBuildFile; fileRef = D594D1611AD55FE300EA6005 /* AkylasGooglemapView.m */; };
		D594D1791AD55FE300EA6005 /* AkylasGooglemapViewProxy.h in Headers */ = {isa = PBXBuildFile; fileRef = D594D1621AD55FE300EA6005 /* AkylasGooglemapViewProxy.h */; };
		D594D17A1AD55FE300EA6005 /* AkylasGooglemapViewProxy.m in Sources */ = {isa = PBXBuildFile; fileRef = D594D1631AD55FE300EA6005 /* AkylasGooglemapViewProxy.m */; };
		D594D1891AD5600700EA6005 /* AkylasMapBaseAnnotationProxy.h in Headers */ = {isa = PBXBuildFile; fileRef = D594D17C1AD5600700EA6005 /* AkylasMapBaseAnnotationProxy.h */; };
		D594D18A1AD5600700EA6005 /* AkylasMapBaseAnnotationProxy.m in Sources */ = {isa = PBXBuildFile; fileRef = D594D17D1AD5600700EA6005 /* AkylasMapBaseAnnotationProxy.m */; };
		D594D18B1AD5600700EA6005 /* AkylasMapBaseRouteProxy.h in Headers */ = {isa = PBXBuildFile; fileRef = D594D17E1AD5600700EA6005 /* AkylasMapBaseRouteProxy.h */; };
		D594D18C1AD5600700EA6005 /* AkylasMapBaseRouteProxy.m in Sources */ = {isa = PBXBuildFile; fileRef = D594D17F1AD5600700EA6005 /* AkylasMapBaseRouteProxy.m */; };
		D594D18D1AD5600700EA6005 /* AkylasMapBaseTileSourceProxy.h in Headers */ = {isa = PBXBuildFile; fileRef = D594D1801AD5600700EA6005 /* AkylasMapBaseTileSourceProxy.h */; };
		D594D18E1AD5600700EA6005 /* AkylasMapBaseTileSourceProxy.m in Sources */ = {isa = PBXBuildFile; fileRef = D594D1811AD5600700EA6005 /* AkylasMapBaseTileSourceProxy.m */; };
		D594D1911AD5600700EA6005 /* AkylasMapBaseViewProxy.h in Headers */ = {isa = PBXBuildFile; fileRef = D594D1841AD5600700EA6005 /* AkylasMapBaseViewProxy.h */; };
		D594D1921AD5600700EA6005 /* AkylasMapBaseViewProxy.m in Sources */ = {isa = PBXBuildFile; fileRef = D594D1851AD5600700EA6005 /* AkylasMapBaseViewProxy.m */; };
		D594D1931AD5600700EA6005 /* ReusableViewProtocol.h in Headers */ = {isa = PBXBuildFile; fileRef = D594D1861AD5600700EA6005 /* ReusableViewProtocol.h */; };
		D594D1941AD5600700EA6005 /* ReusableViewProxy.h in Headers */ = {isa = PBXBuildFile; fileRef = D594D1871AD5600700EA6005 /* ReusableViewProxy.h */; };
		D594D1951AD5600700EA6005 /* ReusableViewProxy.m in Sources */ = {isa = PBXBuildFile; fileRef = D594D1881AD5600700EA6005 /* ReusableViewProxy.m */; };
		D594D19C1AD560EB00EA6005 /* AkylasMapBaseModule.h in Headers */ = {isa = PBXBuildFile; fileRef = D594D19A1AD560EB00EA6005 /* AkylasMapBaseModule.h */; };
		D594D19D1AD560EB00EA6005 /* AkylasMapBaseModule.m in Sources */ = {isa = PBXBuildFile; fileRef = D594D19B1AD560EB00EA6005 /* AkylasMapBaseModule.m */; };
		D594D1A01AD5632700EA6005 /* AkylasGooglemapAnnotationProxy.h in Headers */ = {isa = PBXBuildFile; fileRef = D594D19E1AD5632700EA6005 /* AkylasGooglemapAnnotationProxy.h */; };
		D594D1A11AD5632700EA6005 /* AkylasGooglemapAnnotationProxy.m in Sources */ = {isa = PBXBuildFile; fileRef = D594D19F1AD5632700EA6005 /* AkylasGooglemapAnnotationProxy.m */; };
		D594D1A41AD5648800EA6005 /* AkylasGooglemapRouteProxy.h in Headers */ = {isa = PBXBuildFile; fileRef = D594D1A21AD5648800EA6005 /* AkylasGooglemapRouteProxy.h */; };
		D594D1A51AD5648800EA6005 /* AkylasGooglemapRouteProxy.m in Sources */ = {isa = PBXBuildFile; fileRef = D594D1A31AD5648800EA6005 /* AkylasGooglemapRouteProxy.m */; };
		D595C97E1BBC1F65007C552B /* CLLocation+measuring.h in Headers */ = {isa = PBXBuildFile; fileRef = D595C9791BBC1F65007C552B /* CLLocation+measuring.h */; };
		D595C97F1BBC1F65007C552B /* CLLocation+measuring.m in Sources */ = {isa = PBXBuildFile; fileRef = D595C97A1BBC1F65007C552B /* CLLocation+measuring.m */; };
		D595C9801BBC1F65007C552B /* CLLocation+routeInfo.h in Headers */ = {isa = PBXBuildFile; fileRef = D595C97B1BBC1F65007C552B /* CLLocation+routeInfo.h */; };
		D595C9811BBC1F65007C552B /* CLLocation+routeInfo.m in Sources */ = {isa = PBXBuildFile; fileRef = D595C97C1BBC1F65007C552B /* CLLocation+routeInfo.m */; };
		D595C9821BBC1F65007C552B /* CLUtilsDefines.h in Headers */ = {isa = PBXBuildFile; fileRef = D595C97D1BBC1F65007C552B /* CLUtilsDefines.h */; };
		D59988621AD571E800C13F9D /* AkylasGooglemapTileSourceProxy.h in Headers */ = {isa = PBXBuildFile; fileRef = D59988601AD571E800C13F9D /* AkylasGooglemapTileSourceProxy.h */; };
		D59988631AD571E800C13F9D /* AkylasGooglemapTileSourceProxy.m in Sources */ = {isa = PBXBuildFile; fileRef = D59988611AD571E800C13F9D /* AkylasGooglemapTileSourceProxy.m */; };
		D5B3FA921EFA609F00857287 /* GoogleMaps.framework in Frameworks */ = {isa = PBXBuildFile; fileRef = D599F23D1AC933A400EB7A9B /* GoogleMaps.framework */; };
		D5B3FA931EFA61E300857287 /* GoogleMapsBase.framework in Headers */ = {isa = PBXBuildFile; fileRef = D550468C1D684A960047F408 /* GoogleMapsBase.framework */; settings = {ATTRIBUTES = (Public, ); }; };
		D5B3FA941EFA61EB00857287 /* GoogleMapsCore.framework in Headers */ = {isa = PBXBuildFile; fileRef = D5BCE1AE1DD6085B00573FF0 /* GoogleMapsCore.framework */; settings = {ATTRIBUTES = (Public, ); }; };
		D5B4A8F91ACAD0FA003B8608 /* GoogleMaps.framework in Headers */ = {isa = PBXBuildFile; fileRef = D599F23D1AC933A400EB7A9B /* GoogleMaps.framework */; settings = {ATTRIBUTES = (Public, ); }; };
		D5B4A8FB1ACAD15D003B8608 /* GLKit.framework in Frameworks */ = {isa = PBXBuildFile; fileRef = D5B4A8FA1ACAD15D003B8608 /* GLKit.framework */; };
		D5B4A9081ACAD913003B8608 /* GoogleMaps.bundle in Headers */ = {isa = PBXBuildFile; fileRef = D5B4A9031ACAD87E003B8608 /* GoogleMaps.bundle */; settings = {ATTRIBUTES = (Public, ); }; };
		D5BCE1AF1DD6085B00573FF0 /* GoogleMapsCore.framework in Frameworks */ = {isa = PBXBuildFile; fileRef = D5BCE1AE1DD6085B00573FF0 /* GoogleMapsCore.framework */; };
		D5BD8AE31AFE5E42006B8362 /* AkylasMapBaseGroundOverlayProxy.h in Headers */ = {isa = PBXBuildFile; fileRef = D5BD8AE11AFE5E42006B8362 /* AkylasMapBaseGroundOverlayProxy.h */; };
		D5BD8AE41AFE5E42006B8362 /* AkylasMapBaseGroundOverlayProxy.m in Sources */ = {isa = PBXBuildFile; fileRef = D5BD8AE21AFE5E42006B8362 /* AkylasMapBaseGroundOverlayProxy.m */; };
		D5BD8AE71AFE6324006B8362 /* AkylasGooglemapGroundOverlayProxy.h in Headers */ = {isa = PBXBuildFile; fileRef = D5BD8AE51AFE6324006B8362 /* AkylasGooglemapGroundOverlayProxy.h */; };
		D5BD8AE81AFE6324006B8362 /* AkylasGooglemapGroundOverlayProxy.m in Sources */ = {isa = PBXBuildFile; fileRef = D5BD8AE61AFE6324006B8362 /* AkylasGooglemapGroundOverlayProxy.m */; };
/* End PBXBuildFile section */

/* Begin PBXBuildRule section */
		D52937B8190E8E9C00F7B5CC /* PBXBuildRule */ = {
			isa = PBXBuildRule;
			compilerSpec = com.apple.compilers.proxy.script;
			filePatterns = "*.bundle";
			fileType = pattern.proxy;
			isEditable = 1;
			outputFiles = (
				"$(PROJECT_DIR)/assets/${INPUT_FILE_BASE}.bundle",
			);
			script = "cp -r \"${INPUT_FILE_PATH}\" \"${PROJECT_DIR}/assets\"";
		};
/* End PBXBuildRule section */

/* Begin PBXContainerItemProxy section */
		24416B8411C4CA280047AFDD /* PBXContainerItemProxy */ = {
			isa = PBXContainerItemProxy;
			containerPortal = 0867D690FE84028FC02AAC07 /* Project object */;
			proxyType = 1;
			remoteGlobalIDString = D2AAC07D0554694100DB518D;
			remoteInfo = MapBox;
		};
/* End PBXContainerItemProxy section */

/* Begin PBXFileReference section */
		24DD6D1B1134B66800162E58 /* titanium.xcconfig */ = {isa = PBXFileReference; fileEncoding = 4; lastKnownFileType = text.xcconfig; path = titanium.xcconfig; sourceTree = "<group>"; };
		AA747D9E0F9514B9006C5449 /* akylas.googlemap_Prefix.pch */ = {isa = PBXFileReference; fileEncoding = 4; lastKnownFileType = sourcecode.c.h; path = akylas.googlemap_Prefix.pch; sourceTree = "<group>"; };
		AACBBE490F95108600F1A2B1 /* Foundation.framework */ = {isa = PBXFileReference; lastKnownFileType = wrapper.framework; name = Foundation.framework; path = System/Library/Frameworks/Foundation.framework; sourceTree = SDKROOT; };
		D2AAC07E0554694100DB518D /* libakylas.googlemap.a */ = {isa = PBXFileReference; explicitFileType = archive.ar; includeInIndex = 0; path = libakylas.googlemap.a; sourceTree = BUILT_PRODUCTS_DIR; };
		D50CEAE51B470B9F00A81023 /* AkylasMapBaseClusterProxy.h */ = {isa = PBXFileReference; fileEncoding = 4; lastKnownFileType = sourcecode.c.h; name = AkylasMapBaseClusterProxy.h; path = Classes/common/AkylasMapBaseClusterProxy.h; sourceTree = "<group>"; };
		D50CEAE61B470B9F00A81023 /* AkylasMapBaseClusterProxy.m */ = {isa = PBXFileReference; fileEncoding = 4; lastKnownFileType = sourcecode.c.objc; name = AkylasMapBaseClusterProxy.m; path = Classes/common/AkylasMapBaseClusterProxy.m; sourceTree = "<group>"; };
		D512CC391B8A028200C0E691 /* SMCalloutView.h */ = {isa = PBXFileReference; fileEncoding = 4; lastKnownFileType = sourcecode.c.h; name = SMCalloutView.h; path = ../../../../../ios/calloutview/SMCalloutView.h; sourceTree = "<group>"; };
		D512CC3A1B8A028200C0E691 /* SMCalloutView.m */ = {isa = PBXFileReference; fileEncoding = 4; lastKnownFileType = sourcecode.c.objc; name = SMCalloutView.m; path = ../../../../../ios/calloutview/SMCalloutView.m; sourceTree = "<group>"; };
		D512CC3B1B8A028200C0E691 /* SMClassicCalloutView.h */ = {isa = PBXFileReference; fileEncoding = 4; lastKnownFileType = sourcecode.c.h; name = SMClassicCalloutView.h; path = ../../../../../ios/calloutview/SMClassicCalloutView.h; sourceTree = "<group>"; };
		D512CC3C1B8A028200C0E691 /* SMClassicCalloutView.m */ = {isa = PBXFileReference; fileEncoding = 4; lastKnownFileType = sourcecode.c.objc; name = SMClassicCalloutView.m; path = ../../../../../ios/calloutview/SMClassicCalloutView.m; sourceTree = "<group>"; };
		D513AA8A1B6774DE005448BF /* GClusterAlgorithm.m */ = {isa = PBXFileReference; fileEncoding = 4; lastKnownFileType = sourcecode.c.objc; path = GClusterAlgorithm.m; sourceTree = "<group>"; };
		D53E807E1C6229E700D0B972 /* AkylasGooglemapUTFGridProxy.h */ = {isa = PBXFileReference; fileEncoding = 4; lastKnownFileType = sourcecode.c.h; name = AkylasGooglemapUTFGridProxy.h; path = Classes/AkylasGooglemapUTFGridProxy.h; sourceTree = "<group>"; };
		D53E807F1C6229E700D0B972 /* AkylasGooglemapUTFGridProxy.m */ = {isa = PBXFileReference; fileEncoding = 4; lastKnownFileType = sourcecode.c.objc; name = AkylasGooglemapUTFGridProxy.m; path = Classes/AkylasGooglemapUTFGridProxy.m; sourceTree = "<group>"; };
		D53E80801C6229E700D0B972 /* AkylasUTFGridTileLayer.h */ = {isa = PBXFileReference; fileEncoding = 4; lastKnownFileType = sourcecode.c.h; name = AkylasUTFGridTileLayer.h; path = Classes/AkylasUTFGridTileLayer.h; sourceTree = "<group>"; };
		D53E80811C6229E700D0B972 /* AkylasUTFGridTileLayer.m */ = {isa = PBXFileReference; fileEncoding = 4; lastKnownFileType = sourcecode.c.objc; name = AkylasUTFGridTileLayer.m; path = Classes/AkylasUTFGridTileLayer.m; sourceTree = "<group>"; };
		D550468C1D684A960047F408 /* GoogleMapsBase.framework */ = {isa = PBXFileReference; lastKnownFileType = wrapper.framework; name = GoogleMapsBase.framework; path = platform/GoogleMapsBase.framework; sourceTree = "<group>"; };
		D55C81861AD673C700339334 /* CoreLocation.framework */ = {isa = PBXFileReference; lastKnownFileType = wrapper.framework; name = CoreLocation.framework; path = System/Library/Frameworks/CoreLocation.framework; sourceTree = SDKROOT; };
		D55C81FC1AD6B8B600339334 /* AkylasMapBaseView.h */ = {isa = PBXFileReference; fileEncoding = 4; lastKnownFileType = sourcecode.c.h; name = AkylasMapBaseView.h; path = Classes/common/AkylasMapBaseView.h; sourceTree = "<group>"; };
		D55C81FD1AD6B8B600339334 /* AkylasMapBaseView.m */ = {isa = PBXFileReference; fileEncoding = 4; lastKnownFileType = sourcecode.c.objc; name = AkylasMapBaseView.m; path = Classes/common/AkylasMapBaseView.m; sourceTree = "<group>"; };
		D56F8F241B43D52100570916 /* GQTBounds.h */ = {isa = PBXFileReference; lastKnownFileType = sourcecode.c.h; path = GQTBounds.h; sourceTree = "<group>"; };
		D56F8F251B43D52100570916 /* GQTPoint.h */ = {isa = PBXFileReference; lastKnownFileType = sourcecode.c.h; path = GQTPoint.h; sourceTree = "<group>"; };
		D56F8F261B43D52100570916 /* GQTPointQuadTree.h */ = {isa = PBXFileReference; lastKnownFileType = sourcecode.c.h; path = GQTPointQuadTree.h; sourceTree = "<group>"; };
		D56F8F271B43D52100570916 /* GQTPointQuadTree.m */ = {isa = PBXFileReference; lastKnownFileType = sourcecode.c.objc; path = GQTPointQuadTree.m; sourceTree = "<group>"; };
		D56F8F281B43D52100570916 /* GQTPointQuadTreeChild.h */ = {isa = PBXFileReference; lastKnownFileType = sourcecode.c.h; path = GQTPointQuadTreeChild.h; sourceTree = "<group>"; };
		D56F8F291B43D52100570916 /* GQTPointQuadTreeChild.m */ = {isa = PBXFileReference; lastKnownFileType = sourcecode.c.objc; path = GQTPointQuadTreeChild.m; sourceTree = "<group>"; };
		D56F8F2A1B43D52100570916 /* GQTPointQuadTreeItem.h */ = {isa = PBXFileReference; lastKnownFileType = sourcecode.c.h; path = GQTPointQuadTreeItem.h; sourceTree = "<group>"; };
		D56F8F2D1B43D52C00570916 /* GClusterAlgorithm.h */ = {isa = PBXFileReference; lastKnownFileType = sourcecode.c.h; path = GClusterAlgorithm.h; sourceTree = "<group>"; };
		D56F8F2E1B43D52C00570916 /* GQuadItem.h */ = {isa = PBXFileReference; lastKnownFileType = sourcecode.c.h; path = GQuadItem.h; sourceTree = "<group>"; };
		D56F8F2F1B43D52C00570916 /* GQuadItem.m */ = {isa = PBXFileReference; lastKnownFileType = sourcecode.c.objc; path = GQuadItem.m; sourceTree = "<group>"; };
		D56F8F301B43D52C00570916 /* GStaticCluster.h */ = {isa = PBXFileReference; lastKnownFileType = sourcecode.c.h; path = GStaticCluster.h; sourceTree = "<group>"; };
		D56F8F311B43D52C00570916 /* GStaticCluster.m */ = {isa = PBXFileReference; lastKnownFileType = sourcecode.c.objc; path = GStaticCluster.m; sourceTree = "<group>"; };
		D56F8F321B43D52C00570916 /* NonHierarchicalDistanceBasedAlgorithm.h */ = {isa = PBXFileReference; lastKnownFileType = sourcecode.c.h; path = NonHierarchicalDistanceBasedAlgorithm.h; sourceTree = "<group>"; };
		D56F8F331B43D52C00570916 /* NonHierarchicalDistanceBasedAlgorithm.m */ = {isa = PBXFileReference; lastKnownFileType = sourcecode.c.objc; path = NonHierarchicalDistanceBasedAlgorithm.m; sourceTree = "<group>"; };
		D56F8F341B43D52C00570916 /* GCluster.h */ = {isa = PBXFileReference; lastKnownFileType = sourcecode.c.h; path = GCluster.h; sourceTree = "<group>"; };
		D56F8F351B43D52C00570916 /* GClusterItem.h */ = {isa = PBXFileReference; lastKnownFileType = sourcecode.c.h; path = GClusterItem.h; sourceTree = "<group>"; };
		D56F8F361B43D52C00570916 /* GClusterManager.h */ = {isa = PBXFileReference; lastKnownFileType = sourcecode.c.h; path = GClusterManager.h; sourceTree = "<group>"; };
		D56F8F371B43D52C00570916 /* GClusterManager.m */ = {isa = PBXFileReference; lastKnownFileType = sourcecode.c.objc; path = GClusterManager.m; sourceTree = "<group>"; };
		D56F8F391B43D52C00570916 /* GClusterRenderer.h */ = {isa = PBXFileReference; lastKnownFileType = sourcecode.c.h; path = GClusterRenderer.h; sourceTree = "<group>"; };
		D56F8F3A1B43D52C00570916 /* GDefaultClusterRenderer.h */ = {isa = PBXFileReference; lastKnownFileType = sourcecode.c.h; path = GDefaultClusterRenderer.h; sourceTree = "<group>"; };
		D56F8F3B1B43D52C00570916 /* GDefaultClusterRenderer.m */ = {isa = PBXFileReference; lastKnownFileType = sourcecode.c.objc; path = GDefaultClusterRenderer.m; sourceTree = "<group>"; };
		D56F8F3D1B43D52C00570916 /* SphericalMercatorProjection.h */ = {isa = PBXFileReference; lastKnownFileType = sourcecode.c.h; path = SphericalMercatorProjection.h; sourceTree = "<group>"; };
		D56F8F3E1B43D52C00570916 /* SphericalMercatorProjection.m */ = {isa = PBXFileReference; lastKnownFileType = sourcecode.c.objc; path = SphericalMercatorProjection.m; sourceTree = "<group>"; };
		D56F8F561B43D8A900570916 /* AkylasGooglemapClusterRenderer.h */ = {isa = PBXFileReference; fileEncoding = 4; lastKnownFileType = sourcecode.c.h; name = AkylasGooglemapClusterRenderer.h; path = Classes/AkylasGooglemapClusterRenderer.h; sourceTree = "<group>"; };
		D56F8F571B43D8A900570916 /* AkylasGooglemapClusterRenderer.m */ = {isa = PBXFileReference; fileEncoding = 4; lastKnownFileType = sourcecode.c.objc; name = AkylasGooglemapClusterRenderer.m; path = Classes/AkylasGooglemapClusterRenderer.m; sourceTree = "<group>"; };
		D56F8F5E1B43DA3300570916 /* AkylasGooglemapClusterProxy.h */ = {isa = PBXFileReference; fileEncoding = 4; lastKnownFileType = sourcecode.c.h; name = AkylasGooglemapClusterProxy.h; path = Classes/AkylasGooglemapClusterProxy.h; sourceTree = "<group>"; };
		D56F8F5F1B43DA3300570916 /* AkylasGooglemapClusterProxy.m */ = {isa = PBXFileReference; fileEncoding = 4; lastKnownFileType = sourcecode.c.objc; name = AkylasGooglemapClusterProxy.m; path = Classes/AkylasGooglemapClusterProxy.m; sourceTree = "<group>"; };
		D578CAE919234C880019CA5A /* MapKit.framework */ = {isa = PBXFileReference; lastKnownFileType = wrapper.framework; name = MapKit.framework; path = System/Library/Frameworks/MapKit.framework; sourceTree = SDKROOT; };
		D578CAEE19234D2B0019CA5A /* AkylasGooglemapModule.h */ = {isa = PBXFileReference; fileEncoding = 4; lastKnownFileType = sourcecode.c.h; name = AkylasGooglemapModule.h; path = Classes/AkylasGooglemapModule.h; sourceTree = "<group>"; };
		D578CAEF19234D2B0019CA5A /* AkylasGooglemapModule.m */ = {isa = PBXFileReference; fileEncoding = 4; lastKnownFileType = sourcecode.c.objc; name = AkylasGooglemapModule.m; path = Classes/AkylasGooglemapModule.m; sourceTree = "<group>"; };
		D58FC1D51B63ED2A0080C88B /* GridBasedAlgorithm.h */ = {isa = PBXFileReference; fileEncoding = 4; lastKnownFileType = sourcecode.c.h; path = GridBasedAlgorithm.h; sourceTree = "<group>"; };
		D58FC1D61B63ED2A0080C88B /* GridBasedAlgorithm.m */ = {isa = PBXFileReference; fileEncoding = 4; lastKnownFileType = sourcecode.c.objc; path = GridBasedAlgorithm.m; sourceTree = "<group>"; };
		D594D15A1AD55FE300EA6005 /* AkylasGMSMBTilesLayer.h */ = {isa = PBXFileReference; fileEncoding = 4; lastKnownFileType = sourcecode.c.h; name = AkylasGMSMBTilesLayer.h; path = Classes/AkylasGMSMBTilesLayer.h; sourceTree = "<group>"; };
		D594D15B1AD55FE300EA6005 /* AkylasGMSMBTilesLayer.m */ = {isa = PBXFileReference; fileEncoding = 4; lastKnownFileType = sourcecode.c.objc; name = AkylasGMSMBTilesLayer.m; path = Classes/AkylasGMSMBTilesLayer.m; sourceTree = "<group>"; };
		D594D15C1AD55FE300EA6005 /* AkylasGMSURLTileLayer.h */ = {isa = PBXFileReference; fileEncoding = 4; lastKnownFileType = sourcecode.c.h; name = AkylasGMSURLTileLayer.h; path = Classes/AkylasGMSURLTileLayer.h; sourceTree = "<group>"; };
		D594D15D1AD55FE300EA6005 /* AkylasGMSURLTileLayer.m */ = {isa = PBXFileReference; fileEncoding = 4; lastKnownFileType = sourcecode.c.objc; name = AkylasGMSURLTileLayer.m; path = Classes/AkylasGMSURLTileLayer.m; sourceTree = "<group>"; };
		D594D1601AD55FE300EA6005 /* AkylasGooglemapView.h */ = {isa = PBXFileReference; fileEncoding = 4; lastKnownFileType = sourcecode.c.h; name = AkylasGooglemapView.h; path = Classes/AkylasGooglemapView.h; sourceTree = "<group>"; };
		D594D1611AD55FE300EA6005 /* AkylasGooglemapView.m */ = {isa = PBXFileReference; fileEncoding = 4; lastKnownFileType = sourcecode.c.objc; name = AkylasGooglemapView.m; path = Classes/AkylasGooglemapView.m; sourceTree = "<group>"; };
		D594D1621AD55FE300EA6005 /* AkylasGooglemapViewProxy.h */ = {isa = PBXFileReference; fileEncoding = 4; lastKnownFileType = sourcecode.c.h; name = AkylasGooglemapViewProxy.h; path = Classes/AkylasGooglemapViewProxy.h; sourceTree = "<group>"; };
		D594D1631AD55FE300EA6005 /* AkylasGooglemapViewProxy.m */ = {isa = PBXFileReference; fileEncoding = 4; lastKnownFileType = sourcecode.c.objc; name = AkylasGooglemapViewProxy.m; path = Classes/AkylasGooglemapViewProxy.m; sourceTree = "<group>"; };
		D594D17C1AD5600700EA6005 /* AkylasMapBaseAnnotationProxy.h */ = {isa = PBXFileReference; fileEncoding = 4; lastKnownFileType = sourcecode.c.h; name = AkylasMapBaseAnnotationProxy.h; path = Classes/common/AkylasMapBaseAnnotationProxy.h; sourceTree = "<group>"; };
		D594D17D1AD5600700EA6005 /* AkylasMapBaseAnnotationProxy.m */ = {isa = PBXFileReference; fileEncoding = 4; lastKnownFileType = sourcecode.c.objc; name = AkylasMapBaseAnnotationProxy.m; path = Classes/common/AkylasMapBaseAnnotationProxy.m; sourceTree = "<group>"; };
		D594D17E1AD5600700EA6005 /* AkylasMapBaseRouteProxy.h */ = {isa = PBXFileReference; fileEncoding = 4; lastKnownFileType = sourcecode.c.h; name = AkylasMapBaseRouteProxy.h; path = Classes/common/AkylasMapBaseRouteProxy.h; sourceTree = "<group>"; };
		D594D17F1AD5600700EA6005 /* AkylasMapBaseRouteProxy.m */ = {isa = PBXFileReference; fileEncoding = 4; lastKnownFileType = sourcecode.c.objc; name = AkylasMapBaseRouteProxy.m; path = Classes/common/AkylasMapBaseRouteProxy.m; sourceTree = "<group>"; };
		D594D1801AD5600700EA6005 /* AkylasMapBaseTileSourceProxy.h */ = {isa = PBXFileReference; fileEncoding = 4; lastKnownFileType = sourcecode.c.h; name = AkylasMapBaseTileSourceProxy.h; path = Classes/common/AkylasMapBaseTileSourceProxy.h; sourceTree = "<group>"; };
		D594D1811AD5600700EA6005 /* AkylasMapBaseTileSourceProxy.m */ = {isa = PBXFileReference; fileEncoding = 4; lastKnownFileType = sourcecode.c.objc; name = AkylasMapBaseTileSourceProxy.m; path = Classes/common/AkylasMapBaseTileSourceProxy.m; sourceTree = "<group>"; };
		D594D1841AD5600700EA6005 /* AkylasMapBaseViewProxy.h */ = {isa = PBXFileReference; fileEncoding = 4; lastKnownFileType = sourcecode.c.h; name = AkylasMapBaseViewProxy.h; path = Classes/common/AkylasMapBaseViewProxy.h; sourceTree = "<group>"; };
		D594D1851AD5600700EA6005 /* AkylasMapBaseViewProxy.m */ = {isa = PBXFileReference; fileEncoding = 4; lastKnownFileType = sourcecode.c.objc; name = AkylasMapBaseViewProxy.m; path = Classes/common/AkylasMapBaseViewProxy.m; sourceTree = "<group>"; };
		D594D1861AD5600700EA6005 /* ReusableViewProtocol.h */ = {isa = PBXFileReference; fileEncoding = 4; lastKnownFileType = sourcecode.c.h; name = ReusableViewProtocol.h; path = Classes/common/ReusableViewProtocol.h; sourceTree = "<group>"; };
		D594D1871AD5600700EA6005 /* ReusableViewProxy.h */ = {isa = PBXFileReference; fileEncoding = 4; lastKnownFileType = sourcecode.c.h; name = ReusableViewProxy.h; path = Classes/common/ReusableViewProxy.h; sourceTree = "<group>"; };
		D594D1881AD5600700EA6005 /* ReusableViewProxy.m */ = {isa = PBXFileReference; fileEncoding = 4; lastKnownFileType = sourcecode.c.objc; name = ReusableViewProxy.m; path = Classes/common/ReusableViewProxy.m; sourceTree = "<group>"; };
		D594D19A1AD560EB00EA6005 /* AkylasMapBaseModule.h */ = {isa = PBXFileReference; fileEncoding = 4; lastKnownFileType = sourcecode.c.h; name = AkylasMapBaseModule.h; path = Classes/common/AkylasMapBaseModule.h; sourceTree = "<group>"; };
		D594D19B1AD560EB00EA6005 /* AkylasMapBaseModule.m */ = {isa = PBXFileReference; explicitFileType = sourcecode.c.objc; fileEncoding = 4; name = AkylasMapBaseModule.m; path = Classes/common/AkylasMapBaseModule.m; sourceTree = "<group>"; };
		D594D19E1AD5632700EA6005 /* AkylasGooglemapAnnotationProxy.h */ = {isa = PBXFileReference; fileEncoding = 4; lastKnownFileType = sourcecode.c.h; name = AkylasGooglemapAnnotationProxy.h; path = Classes/AkylasGooglemapAnnotationProxy.h; sourceTree = "<group>"; };
		D594D19F1AD5632700EA6005 /* AkylasGooglemapAnnotationProxy.m */ = {isa = PBXFileReference; fileEncoding = 4; lastKnownFileType = sourcecode.c.objc; name = AkylasGooglemapAnnotationProxy.m; path = Classes/AkylasGooglemapAnnotationProxy.m; sourceTree = "<group>"; };
		D594D1A21AD5648800EA6005 /* AkylasGooglemapRouteProxy.h */ = {isa = PBXFileReference; fileEncoding = 4; lastKnownFileType = sourcecode.c.h; name = AkylasGooglemapRouteProxy.h; path = Classes/AkylasGooglemapRouteProxy.h; sourceTree = "<group>"; };
		D594D1A31AD5648800EA6005 /* AkylasGooglemapRouteProxy.m */ = {isa = PBXFileReference; fileEncoding = 4; lastKnownFileType = sourcecode.c.objc; name = AkylasGooglemapRouteProxy.m; path = Classes/AkylasGooglemapRouteProxy.m; sourceTree = "<group>"; };
		D595C9791BBC1F65007C552B /* CLLocation+measuring.h */ = {isa = PBXFileReference; fileEncoding = 4; lastKnownFileType = sourcecode.c.h; name = "CLLocation+measuring.h"; path = "Classes/common/CoreLocationUtils/CLLocation+measuring.h"; sourceTree = "<group>"; };
		D595C97A1BBC1F65007C552B /* CLLocation+measuring.m */ = {isa = PBXFileReference; fileEncoding = 4; lastKnownFileType = sourcecode.c.objc; name = "CLLocation+measuring.m"; path = "Classes/common/CoreLocationUtils/CLLocation+measuring.m"; sourceTree = "<group>"; };
		D595C97B1BBC1F65007C552B /* CLLocation+routeInfo.h */ = {isa = PBXFileReference; fileEncoding = 4; lastKnownFileType = sourcecode.c.h; name = "CLLocation+routeInfo.h"; path = "Classes/common/CoreLocationUtils/CLLocation+routeInfo.h"; sourceTree = "<group>"; };
		D595C97C1BBC1F65007C552B /* CLLocation+routeInfo.m */ = {isa = PBXFileReference; fileEncoding = 4; lastKnownFileType = sourcecode.c.objc; name = "CLLocation+routeInfo.m"; path = "Classes/common/CoreLocationUtils/CLLocation+routeInfo.m"; sourceTree = "<group>"; };
		D595C97D1BBC1F65007C552B /* CLUtilsDefines.h */ = {isa = PBXFileReference; fileEncoding = 4; lastKnownFileType = sourcecode.c.h; name = CLUtilsDefines.h; path = Classes/common/CoreLocationUtils/CLUtilsDefines.h; sourceTree = "<group>"; };
		D59988601AD571E800C13F9D /* AkylasGooglemapTileSourceProxy.h */ = {isa = PBXFileReference; fileEncoding = 4; lastKnownFileType = sourcecode.c.h; name = AkylasGooglemapTileSourceProxy.h; path = Classes/AkylasGooglemapTileSourceProxy.h; sourceTree = "<group>"; };
		D59988611AD571E800C13F9D /* AkylasGooglemapTileSourceProxy.m */ = {isa = PBXFileReference; fileEncoding = 4; lastKnownFileType = sourcecode.c.objc; name = AkylasGooglemapTileSourceProxy.m; path = Classes/AkylasGooglemapTileSourceProxy.m; sourceTree = "<group>"; };
		D599F23D1AC933A400EB7A9B /* GoogleMaps.framework */ = {isa = PBXFileReference; lastKnownFileType = wrapper.framework; name = GoogleMaps.framework; path = platform/GoogleMaps.framework; sourceTree = "<group>"; };
		D5B4A8FA1ACAD15D003B8608 /* GLKit.framework */ = {isa = PBXFileReference; lastKnownFileType = wrapper.framework; name = GLKit.framework; path = System/Library/Frameworks/GLKit.framework; sourceTree = SDKROOT; };
		D5B4A9031ACAD87E003B8608 /* GoogleMaps.bundle */ = {isa = PBXFileReference; lastKnownFileType = "wrapper.plug-in"; name = GoogleMaps.bundle; path = assets/GoogleMaps.bundle; sourceTree = "<group>"; };
		D5BCE1AE1DD6085B00573FF0 /* GoogleMapsCore.framework */ = {isa = PBXFileReference; lastKnownFileType = wrapper.framework; name = GoogleMapsCore.framework; path = platform/GoogleMapsCore.framework; sourceTree = "<group>"; };
		D5BD8AE11AFE5E42006B8362 /* AkylasMapBaseGroundOverlayProxy.h */ = {isa = PBXFileReference; fileEncoding = 4; lastKnownFileType = sourcecode.c.h; name = AkylasMapBaseGroundOverlayProxy.h; path = Classes/common/AkylasMapBaseGroundOverlayProxy.h; sourceTree = "<group>"; };
		D5BD8AE21AFE5E42006B8362 /* AkylasMapBaseGroundOverlayProxy.m */ = {isa = PBXFileReference; fileEncoding = 4; lastKnownFileType = sourcecode.c.objc; name = AkylasMapBaseGroundOverlayProxy.m; path = Classes/common/AkylasMapBaseGroundOverlayProxy.m; sourceTree = "<group>"; };
		D5BD8AE51AFE6324006B8362 /* AkylasGooglemapGroundOverlayProxy.h */ = {isa = PBXFileReference; fileEncoding = 4; lastKnownFileType = sourcecode.c.h; name = AkylasGooglemapGroundOverlayProxy.h; path = Classes/AkylasGooglemapGroundOverlayProxy.h; sourceTree = "<group>"; };
		D5BD8AE61AFE6324006B8362 /* AkylasGooglemapGroundOverlayProxy.m */ = {isa = PBXFileReference; fileEncoding = 4; lastKnownFileType = sourcecode.c.objc; name = AkylasGooglemapGroundOverlayProxy.m; path = Classes/AkylasGooglemapGroundOverlayProxy.m; sourceTree = "<group>"; };
		D5FBE0BB1AA997B000EB35E8 /* module.xcconfig */ = {isa = PBXFileReference; lastKnownFileType = text.xcconfig; path = module.xcconfig; sourceTree = "<group>"; };
/* End PBXFileReference section */

/* Begin PBXFrameworksBuildPhase section */
		D2AAC07C0554694100DB518D /* Frameworks */ = {
			isa = PBXFrameworksBuildPhase;
			buildActionMask = 2147483647;
			files = (
				D5B3FA921EFA609F00857287 /* GoogleMaps.framework in Frameworks */,
				D550468D1D684A960047F408 /* GoogleMapsBase.framework in Frameworks */,
				D5BCE1AF1DD6085B00573FF0 /* GoogleMapsCore.framework in Frameworks */,
				D55C81871AD673C700339334 /* CoreLocation.framework in Frameworks */,
				D5B4A8FB1ACAD15D003B8608 /* GLKit.framework in Frameworks */,
				AACBBE4A0F95108600F1A2B1 /* Foundation.framework in Frameworks */,
			);
			runOnlyForDeploymentPostprocessing = 0;
		};
/* End PBXFrameworksBuildPhase section */

/* Begin PBXGroup section */
		034768DFFF38A50411DB9C8B /* Products */ = {
			isa = PBXGroup;
			children = (
				D2AAC07E0554694100DB518D /* libakylas.googlemap.a */,
			);
			name = Products;
			sourceTree = "<group>";
		};
		0867D691FE84028FC02AAC07 /* MapBox */ = {
			isa = PBXGroup;
			children = (
				D512CC381B8A027900C0E691 /* SMCalloutView */,
				08FB77AEFE84172EC02AAC07 /* Classes */,
				32C88DFF0371C24200C91783 /* Other Sources */,
				0867D69AFE84028FC02AAC07 /* Frameworks */,
				034768DFFF38A50411DB9C8B /* Products */,
			);
			name = MapBox;
			sourceTree = "<group>";
		};
		0867D69AFE84028FC02AAC07 /* Frameworks */ = {
			isa = PBXGroup;
			children = (
				D5BCE1AE1DD6085B00573FF0 /* GoogleMapsCore.framework */,
				D550468C1D684A960047F408 /* GoogleMapsBase.framework */,
				D55C81861AD673C700339334 /* CoreLocation.framework */,
				D5B4A9031ACAD87E003B8608 /* GoogleMaps.bundle */,
				D5B4A8FA1ACAD15D003B8608 /* GLKit.framework */,
				D599F23D1AC933A400EB7A9B /* GoogleMaps.framework */,
				D578CAE919234C880019CA5A /* MapKit.framework */,
				AACBBE490F95108600F1A2B1 /* Foundation.framework */,
			);
			name = Frameworks;
			sourceTree = "<group>";
		};
		08FB77AEFE84172EC02AAC07 /* Classes */ = {
			isa = PBXGroup;
			children = (
				D56F8F221B43D51600570916 /* clustering */,
				D594D17B1AD55FF300EA6005 /* common */,
				D594D15A1AD55FE300EA6005 /* AkylasGMSMBTilesLayer.h */,
				D594D15B1AD55FE300EA6005 /* AkylasGMSMBTilesLayer.m */,
				D594D15C1AD55FE300EA6005 /* AkylasGMSURLTileLayer.h */,
				D594D15D1AD55FE300EA6005 /* AkylasGMSURLTileLayer.m */,
				D594D1601AD55FE300EA6005 /* AkylasGooglemapView.h */,
				D594D1611AD55FE300EA6005 /* AkylasGooglemapView.m */,
				D594D1621AD55FE300EA6005 /* AkylasGooglemapViewProxy.h */,
				D594D1631AD55FE300EA6005 /* AkylasGooglemapViewProxy.m */,
				D578CAEE19234D2B0019CA5A /* AkylasGooglemapModule.h */,
				D578CAEF19234D2B0019CA5A /* AkylasGooglemapModule.m */,
				D594D19E1AD5632700EA6005 /* AkylasGooglemapAnnotationProxy.h */,
				D594D19F1AD5632700EA6005 /* AkylasGooglemapAnnotationProxy.m */,
				D594D1A21AD5648800EA6005 /* AkylasGooglemapRouteProxy.h */,
				D594D1A31AD5648800EA6005 /* AkylasGooglemapRouteProxy.m */,
				D59988601AD571E800C13F9D /* AkylasGooglemapTileSourceProxy.h */,
				D59988611AD571E800C13F9D /* AkylasGooglemapTileSourceProxy.m */,
				D5BD8AE51AFE6324006B8362 /* AkylasGooglemapGroundOverlayProxy.h */,
				D5BD8AE61AFE6324006B8362 /* AkylasGooglemapGroundOverlayProxy.m */,
				D56F8F561B43D8A900570916 /* AkylasGooglemapClusterRenderer.h */,
				D56F8F571B43D8A900570916 /* AkylasGooglemapClusterRenderer.m */,
				D56F8F5E1B43DA3300570916 /* AkylasGooglemapClusterProxy.h */,
				D56F8F5F1B43DA3300570916 /* AkylasGooglemapClusterProxy.m */,
				D53E807E1C6229E700D0B972 /* AkylasGooglemapUTFGridProxy.h */,
				D53E807F1C6229E700D0B972 /* AkylasGooglemapUTFGridProxy.m */,
				D53E80801C6229E700D0B972 /* AkylasUTFGridTileLayer.h */,
				D53E80811C6229E700D0B972 /* AkylasUTFGridTileLayer.m */,
			);
			name = Classes;
			sourceTree = "<group>";
		};
		32C88DFF0371C24200C91783 /* Other Sources */ = {
			isa = PBXGroup;
			children = (
				D5FBE0BB1AA997B000EB35E8 /* module.xcconfig */,
				AA747D9E0F9514B9006C5449 /* akylas.googlemap_Prefix.pch */,
				24DD6D1B1134B66800162E58 /* titanium.xcconfig */,
			);
			name = "Other Sources";
			sourceTree = "<group>";
		};
		D512CC381B8A027900C0E691 /* SMCalloutView */ = {
			isa = PBXGroup;
			children = (
				D512CC391B8A028200C0E691 /* SMCalloutView.h */,
				D512CC3A1B8A028200C0E691 /* SMCalloutView.m */,
				D512CC3B1B8A028200C0E691 /* SMClassicCalloutView.h */,
				D512CC3C1B8A028200C0E691 /* SMClassicCalloutView.m */,
			);
			name = SMCalloutView;
			sourceTree = "<group>";
		};
		D56F8F221B43D51600570916 /* clustering */ = {
			isa = PBXGroup;
			children = (
				D56F8F2B1B43D52C00570916 /* Clustering */,
				D56F8F3C1B43D52C00570916 /* Projection */,
				D56F8F231B43D52100570916 /* QuadTree */,
			);
			name = clustering;
			sourceTree = "<group>";
		};
		D56F8F231B43D52100570916 /* QuadTree */ = {
			isa = PBXGroup;
			children = (
				D56F8F241B43D52100570916 /* GQTBounds.h */,
				D56F8F251B43D52100570916 /* GQTPoint.h */,
				D56F8F261B43D52100570916 /* GQTPointQuadTree.h */,
				D56F8F271B43D52100570916 /* GQTPointQuadTree.m */,
				D56F8F281B43D52100570916 /* GQTPointQuadTreeChild.h */,
				D56F8F291B43D52100570916 /* GQTPointQuadTreeChild.m */,
				D56F8F2A1B43D52100570916 /* GQTPointQuadTreeItem.h */,
			);
			name = QuadTree;
			path = "../../../../../ios/google-maps-ios-utils/QuadTree";
			sourceTree = "<group>";
		};
		D56F8F2B1B43D52C00570916 /* Clustering */ = {
			isa = PBXGroup;
			children = (
				D56F8F2C1B43D52C00570916 /* Algorithms */,
				D56F8F341B43D52C00570916 /* GCluster.h */,
				D56F8F351B43D52C00570916 /* GClusterItem.h */,
				D56F8F361B43D52C00570916 /* GClusterManager.h */,
				D56F8F371B43D52C00570916 /* GClusterManager.m */,
				D56F8F381B43D52C00570916 /* View */,
			);
			name = Clustering;
			path = "../../../../../ios/google-maps-ios-utils/Clustering";
			sourceTree = "<group>";
		};
		D56F8F2C1B43D52C00570916 /* Algorithms */ = {
			isa = PBXGroup;
			children = (
				D58FC1D51B63ED2A0080C88B /* GridBasedAlgorithm.h */,
				D58FC1D61B63ED2A0080C88B /* GridBasedAlgorithm.m */,
				D56F8F2D1B43D52C00570916 /* GClusterAlgorithm.h */,
				D513AA8A1B6774DE005448BF /* GClusterAlgorithm.m */,
				D56F8F2E1B43D52C00570916 /* GQuadItem.h */,
				D56F8F2F1B43D52C00570916 /* GQuadItem.m */,
				D56F8F301B43D52C00570916 /* GStaticCluster.h */,
				D56F8F311B43D52C00570916 /* GStaticCluster.m */,
				D56F8F321B43D52C00570916 /* NonHierarchicalDistanceBasedAlgorithm.h */,
				D56F8F331B43D52C00570916 /* NonHierarchicalDistanceBasedAlgorithm.m */,
			);
			path = Algorithms;
			sourceTree = "<group>";
		};
		D56F8F381B43D52C00570916 /* View */ = {
			isa = PBXGroup;
			children = (
				D56F8F391B43D52C00570916 /* GClusterRenderer.h */,
				D56F8F3A1B43D52C00570916 /* GDefaultClusterRenderer.h */,
				D56F8F3B1B43D52C00570916 /* GDefaultClusterRenderer.m */,
			);
			path = View;
			sourceTree = "<group>";
		};
		D56F8F3C1B43D52C00570916 /* Projection */ = {
			isa = PBXGroup;
			children = (
				D56F8F3D1B43D52C00570916 /* SphericalMercatorProjection.h */,
				D56F8F3E1B43D52C00570916 /* SphericalMercatorProjection.m */,
			);
			name = Projection;
			path = "../../../../../ios/google-maps-ios-utils/Projection";
			sourceTree = "<group>";
		};
		D594D17B1AD55FF300EA6005 /* common */ = {
			isa = PBXGroup;
			children = (
				D595C9781BBC1F5B007C552B /* CoreLocationUtils */,
				D594D17C1AD5600700EA6005 /* AkylasMapBaseAnnotationProxy.h */,
				D594D17D1AD5600700EA6005 /* AkylasMapBaseAnnotationProxy.m */,
				D594D17E1AD5600700EA6005 /* AkylasMapBaseRouteProxy.h */,
				D594D17F1AD5600700EA6005 /* AkylasMapBaseRouteProxy.m */,
				D594D1801AD5600700EA6005 /* AkylasMapBaseTileSourceProxy.h */,
				D594D1811AD5600700EA6005 /* AkylasMapBaseTileSourceProxy.m */,
				D55C81FC1AD6B8B600339334 /* AkylasMapBaseView.h */,
				D55C81FD1AD6B8B600339334 /* AkylasMapBaseView.m */,
				D594D1841AD5600700EA6005 /* AkylasMapBaseViewProxy.h */,
				D594D1851AD5600700EA6005 /* AkylasMapBaseViewProxy.m */,
				D594D1861AD5600700EA6005 /* ReusableViewProtocol.h */,
				D594D1871AD5600700EA6005 /* ReusableViewProxy.h */,
				D594D1881AD5600700EA6005 /* ReusableViewProxy.m */,
				D594D19A1AD560EB00EA6005 /* AkylasMapBaseModule.h */,
				D594D19B1AD560EB00EA6005 /* AkylasMapBaseModule.m */,
				D5BD8AE11AFE5E42006B8362 /* AkylasMapBaseGroundOverlayProxy.h */,
				D5BD8AE21AFE5E42006B8362 /* AkylasMapBaseGroundOverlayProxy.m */,
				D50CEAE51B470B9F00A81023 /* AkylasMapBaseClusterProxy.h */,
				D50CEAE61B470B9F00A81023 /* AkylasMapBaseClusterProxy.m */,
			);
			name = common;
			sourceTree = "<group>";
		};
		D595C9781BBC1F5B007C552B /* CoreLocationUtils */ = {
			isa = PBXGroup;
			children = (
				D595C9791BBC1F65007C552B /* CLLocation+measuring.h */,
				D595C97A1BBC1F65007C552B /* CLLocation+measuring.m */,
				D595C97B1BBC1F65007C552B /* CLLocation+routeInfo.h */,
				D595C97C1BBC1F65007C552B /* CLLocation+routeInfo.m */,
				D595C97D1BBC1F65007C552B /* CLUtilsDefines.h */,
			);
			name = CoreLocationUtils;
			sourceTree = "<group>";
		};
/* End PBXGroup section */

/* Begin PBXHeadersBuildPhase section */
		D2AAC07A0554694100DB518D /* Headers */ = {
			isa = PBXHeadersBuildPhase;
			buildActionMask = 2147483647;
			files = (
				D5B3FA941EFA61EB00857287 /* GoogleMapsCore.framework in Headers */,
				D5B3FA931EFA61E300857287 /* GoogleMapsBase.framework in Headers */,
				D5B4A8F91ACAD0FA003B8608 /* GoogleMaps.framework in Headers */,
				D58FC1D71B63ED2A0080C88B /* GridBasedAlgorithm.h in Headers */,
				D595C97E1BBC1F65007C552B /* CLLocation+measuring.h in Headers */,
				D512CC3F1B8A028200C0E691 /* SMClassicCalloutView.h in Headers */,
				D594D1A41AD5648800EA6005 /* AkylasGooglemapRouteProxy.h in Headers */,
				D594D18B1AD5600700EA6005 /* AkylasMapBaseRouteProxy.h in Headers */,
				D594D1771AD55FE300EA6005 /* AkylasGooglemapView.h in Headers */,
				D5B4A9081ACAD913003B8608 /* GoogleMaps.bundle in Headers */,
				D53E80821C6229E700D0B972 /* AkylasGooglemapUTFGridProxy.h in Headers */,
				D594D18D1AD5600700EA6005 /* AkylasMapBaseTileSourceProxy.h in Headers */,
				D59988621AD571E800C13F9D /* AkylasGooglemapTileSourceProxy.h in Headers */,
				D594D1731AD55FE300EA6005 /* AkylasGMSURLTileLayer.h in Headers */,
				D594D1891AD5600700EA6005 /* AkylasMapBaseAnnotationProxy.h in Headers */,
				D595C9801BBC1F65007C552B /* CLLocation+routeInfo.h in Headers */,
				D5BD8AE31AFE5E42006B8362 /* AkylasMapBaseGroundOverlayProxy.h in Headers */,
				AA747D9F0F9514B9006C5449 /* akylas.googlemap_Prefix.pch in Headers */,
				D512CC3D1B8A028200C0E691 /* SMCalloutView.h in Headers */,
				D594D1A01AD5632700EA6005 /* AkylasGooglemapAnnotationProxy.h in Headers */,
				D594D1931AD5600700EA6005 /* ReusableViewProtocol.h in Headers */,
				D53E80841C6229E700D0B972 /* AkylasUTFGridTileLayer.h in Headers */,
				D595C9821BBC1F65007C552B /* CLUtilsDefines.h in Headers */,
				D56F8F601B43DA3300570916 /* AkylasGooglemapClusterProxy.h in Headers */,
				D56F8F581B43D8A900570916 /* AkylasGooglemapClusterRenderer.h in Headers */,
				D594D1941AD5600700EA6005 /* ReusableViewProxy.h in Headers */,
				D594D1911AD5600700EA6005 /* AkylasMapBaseViewProxy.h in Headers */,
				D578CAF619234D2B0019CA5A /* AkylasGooglemapModule.h in Headers */,
				D50CEAE71B470B9F00A81023 /* AkylasMapBaseClusterProxy.h in Headers */,
				D594D1711AD55FE300EA6005 /* AkylasGMSMBTilesLayer.h in Headers */,
				D594D19C1AD560EB00EA6005 /* AkylasMapBaseModule.h in Headers */,
				D5BD8AE71AFE6324006B8362 /* AkylasGooglemapGroundOverlayProxy.h in Headers */,
				D55C81FE1AD6B8B600339334 /* AkylasMapBaseView.h in Headers */,
				D594D1791AD55FE300EA6005 /* AkylasGooglemapViewProxy.h in Headers */,
			);
			runOnlyForDeploymentPostprocessing = 0;
		};
/* End PBXHeadersBuildPhase section */

/* Begin PBXNativeTarget section */
		D2AAC07D0554694100DB518D /* akylas.googlemap */ = {
			isa = PBXNativeTarget;
			buildConfigurationList = 1DEB921E08733DC00010E9CD /* Build configuration list for PBXNativeTarget "akylas.googlemap" */;
			buildPhases = (
				D2AAC07A0554694100DB518D /* Headers */,
				D2AAC07B0554694100DB518D /* Sources */,
				D2AAC07C0554694100DB518D /* Frameworks */,
				D58E73DF1861908C00E56FAE /* ShellScript */,
				D55C81D51AD69AF800339334 /* Post Compile */,
			);
			buildRules = (
				D52937B8190E8E9C00F7B5CC /* PBXBuildRule */,
			);
			dependencies = (
			);
			name = akylas.googlemap;
			productName = MapBox;
			productReference = D2AAC07E0554694100DB518D /* libakylas.googlemap.a */;
			productType = "com.apple.product-type.library.static";
		};
/* End PBXNativeTarget section */

/* Begin PBXProject section */
		0867D690FE84028FC02AAC07 /* Project object */ = {
			isa = PBXProject;
			attributes = {
				LastUpgradeCheck = 0830;
			};
			buildConfigurationList = 1DEB922208733DC00010E9CD /* Build configuration list for PBXProject "akylas.googlemap" */;
			compatibilityVersion = "Xcode 3.2";
			developmentRegion = English;
			hasScannedForEncodings = 1;
			knownRegions = (
				English,
				Japanese,
				French,
				German,
				en,
			);
			mainGroup = 0867D691FE84028FC02AAC07 /* MapBox */;
			productRefGroup = 034768DFFF38A50411DB9C8B /* Products */;
			projectDirPath = "";
			projectRoot = "";
			targets = (
				D2AAC07D0554694100DB518D /* akylas.googlemap */,
				24416B8111C4CA220047AFDD /* Build & Test */,
			);
		};
/* End PBXProject section */

/* Begin PBXShellScriptBuildPhase section */
		24416B8011C4CA220047AFDD /* ShellScript */ = {
			isa = PBXShellScriptBuildPhase;
			buildActionMask = 2147483647;
			files = (
			);
			inputPaths = (
			);
			outputPaths = (
			);
			runOnlyForDeploymentPostprocessing = 0;
			shellPath = /bin/sh;
			shellScript = "# shell script goes here\n\npython \"${TITANIUM_SDK}/titanium.py\" run --dir=\"${PROJECT_DIR}\"\nexit $?\n";
		};
		D55C81D51AD69AF800339334 /* Post Compile */ = {
			isa = PBXShellScriptBuildPhase;
			buildActionMask = 2147483647;
			files = (
			);
			inputPaths = (
			);
			name = "Post Compile";
			outputPaths = (
			);
			runOnlyForDeploymentPostprocessing = 0;
			shellPath = /bin/sh;
			shellScript = "mkdir -p $BUILT_PRODUCTS_DIR/$CONTENTS_FOLDER_PATH/modules/akylas.googleMap\ncp -R -f $BUILT_PRODUCTS_DIR/GoogleMaps.bundle $BUILT_PRODUCTS_DIR/$CONTENTS_FOLDER_PATH/modules/akylas.googleMap";
		};
		D58E73DF1861908C00E56FAE /* ShellScript */ = {
			isa = PBXShellScriptBuildPhase;
			buildActionMask = 2147483647;
			files = (
			);
			inputPaths = (
			);
			outputPaths = (
			);
			runOnlyForDeploymentPostprocessing = 0;
			shellPath = /bin/sh;
			shellScript = "if [ \"x$TITANIUM_CLI_XCODEBUILD\" == \"x\" ]; then\n/usr/local/bin/node \"/usr/local/bin/titanium\" build --platform ios --project-dir \"$PROJECT_DIR\" --no-prompt --no-progress-bars --no-banner --no-colors --compilejs=1\nexit $?\nelse\necho \"skipping pre-compile phase\"\nfi";
		};
/* End PBXShellScriptBuildPhase section */

/* Begin PBXSourcesBuildPhase section */
		D2AAC07B0554694100DB518D /* Sources */ = {
			isa = PBXSourcesBuildPhase;
			buildActionMask = 2147483647;
			files = (
				D56F8F611B43DA3300570916 /* AkylasGooglemapClusterProxy.m in Sources */,
				D50CEAE81B470B9F00A81023 /* AkylasMapBaseClusterProxy.m in Sources */,
				D594D1A11AD5632700EA6005 /* AkylasGooglemapAnnotationProxy.m in Sources */,
				D594D1A51AD5648800EA6005 /* AkylasGooglemapRouteProxy.m in Sources */,
				D55B299F1ACBFBEC008C0279 /* AkylasGooglemapModule.m in Sources */,
				D594D18A1AD5600700EA6005 /* AkylasMapBaseAnnotationProxy.m in Sources */,
				D594D1721AD55FE300EA6005 /* AkylasGMSMBTilesLayer.m in Sources */,
				D594D1921AD5600700EA6005 /* AkylasMapBaseViewProxy.m in Sources */,
				D59988631AD571E800C13F9D /* AkylasGooglemapTileSourceProxy.m in Sources */,
				D5BD8AE81AFE6324006B8362 /* AkylasGooglemapGroundOverlayProxy.m in Sources */,
				D5BD8AE41AFE5E42006B8362 /* AkylasMapBaseGroundOverlayProxy.m in Sources */,
				D55C81FF1AD6B8B600339334 /* AkylasMapBaseView.m in Sources */,
				D594D1951AD5600700EA6005 /* ReusableViewProxy.m in Sources */,
				D594D18C1AD5600700EA6005 /* AkylasMapBaseRouteProxy.m in Sources */,
				D53E80831C6229E700D0B972 /* AkylasGooglemapUTFGridProxy.m in Sources */,
				D512CC401B8A028200C0E691 /* SMClassicCalloutView.m in Sources */,
				D58FC1D81B63ED2A0080C88B /* GridBasedAlgorithm.m in Sources */,
				D594D1781AD55FE300EA6005 /* AkylasGooglemapView.m in Sources */,
				D512CC3E1B8A028200C0E691 /* SMCalloutView.m in Sources */,
				D513AA8B1B6774DE005448BF /* GClusterAlgorithm.m in Sources */,
				D594D1741AD55FE300EA6005 /* AkylasGMSURLTileLayer.m in Sources */,
				D595C97F1BBC1F65007C552B /* CLLocation+measuring.m in Sources */,
				D594D19D1AD560EB00EA6005 /* AkylasMapBaseModule.m in Sources */,
				D594D17A1AD55FE300EA6005 /* AkylasGooglemapViewProxy.m in Sources */,
				D594D18E1AD5600700EA6005 /* AkylasMapBaseTileSourceProxy.m in Sources */,
				D56F8F421B43D56B00570916 /* GClusterManager.m in Sources */,
				D56F8F481B43D58800570916 /* GQuadItem.m in Sources */,
				D53E80851C6229E700D0B972 /* AkylasUTFGridTileLayer.m in Sources */,
				D56F8F4A1B43D58800570916 /* GStaticCluster.m in Sources */,
				D56F8F591B43D8A900570916 /* AkylasGooglemapClusterRenderer.m in Sources */,
				D56F8F4C1B43D58800570916 /* NonHierarchicalDistanceBasedAlgorithm.m in Sources */,
				D56F8F4E1B43D58800570916 /* SphericalMercatorProjection.m in Sources */,
				D595C9811BBC1F65007C552B /* CLLocation+routeInfo.m in Sources */,
				D56F8F521B43D58800570916 /* GQTPointQuadTree.m in Sources */,
				D56F8F541B43D58800570916 /* GQTPointQuadTreeChild.m in Sources */,
			);
			runOnlyForDeploymentPostprocessing = 0;
		};
/* End PBXSourcesBuildPhase section */

/* Begin PBXTargetDependency section */
		24416B8511C4CA280047AFDD /* PBXTargetDependency */ = {
			isa = PBXTargetDependency;
			target = D2AAC07D0554694100DB518D /* akylas.googlemap */;
			targetProxy = 24416B8411C4CA280047AFDD /* PBXContainerItemProxy */;
		};
/* End PBXTargetDependency section */

/* Begin XCBuildConfiguration section */
		1DEB921F08733DC00010E9CD /* Debug */ = {
			isa = XCBuildConfiguration;
			baseConfigurationReference = 24DD6D1B1134B66800162E58 /* titanium.xcconfig */;
			buildSettings = {
				CLANG_ENABLE_MODULES = YES;
				FRAMEWORK_SEARCH_PATHS = (
					"$(inherited)",
					"$(PROJECT_DIR)/platform/**",
				);
				HEADER_SEARCH_PATHS = (
					"$(TITANIUM_BASE_SDK)/**",
					"$(TITANIUM_BASE_SDK2)",
					"$(BUILT_PRODUCTS_DIR)/include/MapBox",
				);
				"HEADER_SEARCH_PATHS[arch=*]" = (
					"$(TITANIUM_BASE_SDK)/**",
					"$(TITANIUM_BASE_SDK2)",
					"$(BUILT_PRODUCTS_DIR)/include/MapBox",
				);
				LIBRARY_SEARCH_PATHS = (
					"$(inherited)",
					"$(PROJECT_DIR)/Classes/SMCalloutView",
					"$(PROJECT_DIR)/Classes/common/SMCalloutView",
				);
				PRODUCT_NAME = "$(TARGET_NAME)";
				PUBLIC_HEADERS_FOLDER_PATH = "";
			};
			name = Debug;
		};
		1DEB922008733DC00010E9CD /* Release */ = {
			isa = XCBuildConfiguration;
			baseConfigurationReference = 24DD6D1B1134B66800162E58 /* titanium.xcconfig */;
			buildSettings = {
				CLANG_ENABLE_MODULES = YES;
				FRAMEWORK_SEARCH_PATHS = (
					"$(inherited)",
					"$(PROJECT_DIR)/platform/**",
				);
				HEADER_SEARCH_PATHS = (
					"$(TITANIUM_BASE_SDK)/**",
					"$(TITANIUM_BASE_SDK2)",
					"$(BUILT_PRODUCTS_DIR)/include/MapBox",
				);
				LIBRARY_SEARCH_PATHS = (
					"$(inherited)",
					"$(PROJECT_DIR)/Classes/SMCalloutView",
					"$(PROJECT_DIR)/Classes/common/SMCalloutView",
				);
				PRODUCT_NAME = "$(TARGET_NAME)";
				PUBLIC_HEADERS_FOLDER_PATH = "";
			};
			name = Release;
		};
		1DEB922308733DC00010E9CD /* Debug */ = {
			isa = XCBuildConfiguration;
			baseConfigurationReference = 24DD6D1B1134B66800162E58 /* titanium.xcconfig */;
			buildSettings = {
				CLANG_ANALYZER_LOCALIZABILITY_NONLOCALIZED = YES;
				CLANG_WARN_BOOL_CONVERSION = YES;
				CLANG_WARN_CONSTANT_CONVERSION = YES;
				CLANG_WARN_EMPTY_BODY = YES;
				CLANG_WARN_ENUM_CONVERSION = YES;
				CLANG_WARN_INFINITE_RECURSION = YES;
				CLANG_WARN_INT_CONVERSION = YES;
				CLANG_WARN_SUSPICIOUS_MOVE = YES;
				CLANG_WARN_UNREACHABLE_CODE = YES;
				CLANG_WARN__DUPLICATE_METHOD_MATCH = YES;
				CODE_SIGN_IDENTITY = "iPhone Developer";
				"CODE_SIGN_IDENTITY[sdk=iphoneos*]" = "iPhone Developer";
				DSTROOT = "/tmp/${PROJECT_NAME}.dst";
				ENABLE_STRICT_OBJC_MSGSEND = YES;
				ENABLE_TESTABILITY = YES;
				FRAMEWORK_SEARCH_PATHS = (
					"$(BUILT_PRODUCTS_DIR)",
					"$(PROJECT_DIR)/platform",
				);
				GCC_C_LANGUAGE_STANDARD = c99;
				GCC_NO_COMMON_BLOCKS = YES;
				GCC_OPTIMIZATION_LEVEL = 0;
				GCC_PRECOMPILE_PREFIX_HEADER = YES;
				GCC_PREFIX_HEADER = "${PROJECT_NAME}_Prefix.pch";
				GCC_PREPROCESSOR_DEFINITIONS = "TI_VERSION=$(TI_VERSION)";
				GCC_TREAT_WARNINGS_AS_ERRORS = NO;
				GCC_WARN_64_TO_32_BIT_CONVERSION = YES;
				GCC_WARN_ABOUT_RETURN_TYPE = NO;
				GCC_WARN_MISSING_PARENTHESES = NO;
				GCC_WARN_SHADOW = NO;
				GCC_WARN_STRICT_SELECTOR_MATCH = NO;
				GCC_WARN_UNDECLARED_SELECTOR = YES;
				GCC_WARN_UNINITIALIZED_AUTOS = YES;
				GCC_WARN_UNUSED_FUNCTION = YES;
				GCC_WARN_UNUSED_PARAMETER = NO;
				GCC_WARN_UNUSED_VALUE = NO;
				GCC_WARN_UNUSED_VARIABLE = NO;
				HEADER_SEARCH_PATHS = (
					"$(TITANIUM_BASE_SDK)",
					"$(TITANIUM_BASE_SDK2)",
				);
				IPHONEOS_DEPLOYMENT_TARGET = 8.0;
				ONLY_ACTIVE_ARCH = YES;
				OTHER_CFLAGS = (
					"-DDEBUG",
					"-DTI_POST_1_2",
				);
				OTHER_LDFLAGS = "-ObjC";
				PRODUCT_NAME = "${PROJECT_NAME}";
				PROVISIONING_PROFILE = "";
				"PROVISIONING_PROFILE[sdk=iphoneos*]" = "";
				RUN_CLANG_STATIC_ANALYZER = NO;
				SDKROOT = iphoneos;
				USER_HEADER_SEARCH_PATHS = "";
			};
			name = Debug;
		};
		1DEB922408733DC00010E9CD /* Release */ = {
			isa = XCBuildConfiguration;
			baseConfigurationReference = 24DD6D1B1134B66800162E58 /* titanium.xcconfig */;
			buildSettings = {
				ALWAYS_SEARCH_USER_PATHS = NO;
				CLANG_ANALYZER_LOCALIZABILITY_NONLOCALIZED = YES;
				CLANG_WARN_BOOL_CONVERSION = YES;
				CLANG_WARN_CONSTANT_CONVERSION = YES;
				CLANG_WARN_EMPTY_BODY = YES;
				CLANG_WARN_ENUM_CONVERSION = YES;
				CLANG_WARN_INFINITE_RECURSION = YES;
				CLANG_WARN_INT_CONVERSION = YES;
				CLANG_WARN_SUSPICIOUS_MOVE = YES;
				CLANG_WARN_UNREACHABLE_CODE = YES;
				CLANG_WARN__DUPLICATE_METHOD_MATCH = YES;
				DSTROOT = "/tmp/${PROJECT_NAME}.dst";
				ENABLE_STRICT_OBJC_MSGSEND = YES;
				FRAMEWORK_SEARCH_PATHS = (
					"$(BUILT_PRODUCTS_DIR)",
					"$(PROJECT_DIR)/platform",
				);
				GCC_C_LANGUAGE_STANDARD = c99;
				GCC_NO_COMMON_BLOCKS = YES;
				GCC_PRECOMPILE_PREFIX_HEADER = YES;
				GCC_PREFIX_HEADER = "${PROJECT_NAME}_Prefix.pch";
				GCC_PREPROCESSOR_DEFINITIONS = "TI_VERSION=$(TI_VERSION)";
				GCC_TREAT_WARNINGS_AS_ERRORS = NO;
				GCC_WARN_64_TO_32_BIT_CONVERSION = YES;
				GCC_WARN_ABOUT_RETURN_TYPE = NO;
				GCC_WARN_MISSING_PARENTHESES = NO;
				GCC_WARN_SHADOW = NO;
				GCC_WARN_STRICT_SELECTOR_MATCH = NO;
				GCC_WARN_UNDECLARED_SELECTOR = YES;
				GCC_WARN_UNINITIALIZED_AUTOS = YES;
				GCC_WARN_UNUSED_FUNCTION = YES;
				GCC_WARN_UNUSED_PARAMETER = NO;
				GCC_WARN_UNUSED_VALUE = NO;
				GCC_WARN_UNUSED_VARIABLE = NO;
				HEADER_SEARCH_PATHS = (
					"$(TITANIUM_BASE_SDK)",
					"$(TITANIUM_BASE_SDK2)",
				);
				IPHONEOS_DEPLOYMENT_TARGET = 8.0;
				OTHER_CFLAGS = "-DTI_POST_1_2";
				OTHER_LDFLAGS = "-ObjC";
				PRODUCT_NAME = "${PROJECT_NAME}";
				RUN_CLANG_STATIC_ANALYZER = NO;
				SDKROOT = iphoneos;
				USER_HEADER_SEARCH_PATHS = "";
			};
			name = Release;
		};
		24416B8211C4CA220047AFDD /* Debug */ = {
			isa = XCBuildConfiguration;
			baseConfigurationReference = 24DD6D1B1134B66800162E58 /* titanium.xcconfig */;
			buildSettings = {
				COPY_PHASE_STRIP = NO;
				GCC_DYNAMIC_NO_PIC = NO;
				GCC_OPTIMIZATION_LEVEL = 0;
				PRODUCT_NAME = "Build & test";
			};
			name = Debug;
		};
		24416B8311C4CA220047AFDD /* Release */ = {
			isa = XCBuildConfiguration;
			baseConfigurationReference = 24DD6D1B1134B66800162E58 /* titanium.xcconfig */;
			buildSettings = {
				COPY_PHASE_STRIP = YES;
				DEBUG_INFORMATION_FORMAT = "dwarf-with-dsym";
				GCC_ENABLE_FIX_AND_CONTINUE = NO;
				PRODUCT_NAME = "Build & test";
				ZERO_LINK = NO;
			};
			name = Release;
		};
/* End XCBuildConfiguration section */

/* Begin XCConfigurationList section */
		1DEB921E08733DC00010E9CD /* Build configuration list for PBXNativeTarget "akylas.googlemap" */ = {
			isa = XCConfigurationList;
			buildConfigurations = (
				1DEB921F08733DC00010E9CD /* Debug */,
				1DEB922008733DC00010E9CD /* Release */,
			);
			defaultConfigurationIsVisible = 0;
			defaultConfigurationName = Release;
		};
		1DEB922208733DC00010E9CD /* Build configuration list for PBXProject "akylas.googlemap" */ = {
			isa = XCConfigurationList;
			buildConfigurations = (
				1DEB922308733DC00010E9CD /* Debug */,
				1DEB922408733DC00010E9CD /* Release */,
			);
			defaultConfigurationIsVisible = 0;
			defaultConfigurationName = Release;
		};
		24416B8A11C4CA520047AFDD /* Build configuration list for PBXAggregateTarget "Build & Test" */ = {
			isa = XCConfigurationList;
			buildConfigurations = (
				24416B8211C4CA220047AFDD /* Debug */,
				24416B8311C4CA220047AFDD /* Release */,
			);
			defaultConfigurationIsVisible = 0;
			defaultConfigurationName = Release;
		};
/* End XCConfigurationList section */
	};
	rootObject = 0867D690FE84028FC02AAC07 /* Project object */;
}
