// !$*UTF8*$!
{
	archiveVersion = 1;
	classes = {
	};
	objectVersion = 45;
	objects = {

/* Begin PBXAggregateTarget section */
		24416B8111C4CA220047AFDD /* Build & Test */ = {
			isa = PBXAggregateTarget;
			buildConfigurationList = 24416B8A11C4CA520047AFDD /* Build configuration list for PBXAggregateTarget "Build & Test" */;
			buildPhases = (
				24416B8011C4CA220047AFDD /* ShellScript */,
			);
			dependencies = (
				24416B8511C4CA280047AFDD /* PBXTargetDependency */,
			);
			name = "Build & Test";
			productName = "Build & test";
		};
/* End PBXAggregateTarget section */

/* Begin PBXBuildFile section */
		24DD6CF91134B3F500162E58 /* AkylasChartsModule.h in Headers */ = {isa = PBXBuildFile; fileRef = 24DD6CF71134B3F500162E58 /* AkylasChartsModule.h */; };
		24DD6CFA1134B3F500162E58 /* AkylasChartsModule.m in Sources */ = {isa = PBXBuildFile; fileRef = 24DD6CF81134B3F500162E58 /* AkylasChartsModule.m */; };
		24DE9E1111C5FE74003F90F6 /* AkylasChartsModuleAssets.h in Headers */ = {isa = PBXBuildFile; fileRef = 24DE9E0F11C5FE74003F90F6 /* AkylasChartsModuleAssets.h */; };
		24DE9E1211C5FE74003F90F6 /* AkylasChartsModuleAssets.m in Sources */ = {isa = PBXBuildFile; fileRef = 24DE9E1011C5FE74003F90F6 /* AkylasChartsModuleAssets.m */; };
		AA747D9F0F9514B9006C5449 /* akylas.charts_Prefix.pch in Headers */ = {isa = PBXBuildFile; fileRef = AA747D9E0F9514B9006C5449 /* akylas.charts_Prefix.pch */; };
		AACBBE4A0F95108600F1A2B1 /* Foundation.framework in Frameworks */ = {isa = PBXBuildFile; fileRef = AACBBE490F95108600F1A2B1 /* Foundation.framework */; };
		D524DDA4179976EA00E97736 /* AkylasChartsChart.h in Headers */ = {isa = PBXBuildFile; fileRef = D524DD7E179976EA00E97736 /* AkylasChartsChart.h */; };
		D524DDA5179976EA00E97736 /* AkylasChartsChart.m in Sources */ = {isa = PBXBuildFile; fileRef = D524DD7F179976EA00E97736 /* AkylasChartsChart.m */; };
		D524DDA6179976EA00E97736 /* AkylasChartsChartProxy.h in Headers */ = {isa = PBXBuildFile; fileRef = D524DD80179976EA00E97736 /* AkylasChartsChartProxy.h */; };
		D524DDA7179976EA00E97736 /* AkylasChartsChartProxy.m in Sources */ = {isa = PBXBuildFile; fileRef = D524DD81179976EA00E97736 /* AkylasChartsChartProxy.m */; };
		D524DDA8179976EA00E97736 /* AkylasChartsLabelFormatter.h in Headers */ = {isa = PBXBuildFile; fileRef = D524DD82179976EA00E97736 /* AkylasChartsLabelFormatter.h */; };
		D524DDA9179976EA00E97736 /* AkylasChartsLabelFormatter.m in Sources */ = {isa = PBXBuildFile; fileRef = D524DD83179976EA00E97736 /* AkylasChartsLabelFormatter.m */; };
		D524DDAA179976EA00E97736 /* AkylasChartsLineAndTextLayer.h in Headers */ = {isa = PBXBuildFile; fileRef = D524DD84179976EA00E97736 /* AkylasChartsLineAndTextLayer.h */; };
		D524DDAB179976EA00E97736 /* AkylasChartsLineAndTextLayer.m in Sources */ = {isa = PBXBuildFile; fileRef = D524DD85179976EA00E97736 /* AkylasChartsLineAndTextLayer.m */; };
		D524DDAC179976EA00E97736 /* AkylasChartsLineChart.h in Headers */ = {isa = PBXBuildFile; fileRef = D524DD86179976EA00E97736 /* AkylasChartsLineChart.h */; };
		D524DDAD179976EA00E97736 /* AkylasChartsLineChart.m in Sources */ = {isa = PBXBuildFile; fileRef = D524DD87179976EA00E97736 /* AkylasChartsLineChart.m */; };
		D524DDAE179976EA00E97736 /* AkylasChartsLineChartProxy.h in Headers */ = {isa = PBXBuildFile; fileRef = D524DD88179976EA00E97736 /* AkylasChartsLineChartProxy.h */; };
		D524DDAF179976EA00E97736 /* AkylasChartsLineChartProxy.m in Sources */ = {isa = PBXBuildFile; fileRef = D524DD89179976EA00E97736 /* AkylasChartsLineChartProxy.m */; };
		D524DDB0179976EA00E97736 /* AkylasChartsLineLayer.h in Headers */ = {isa = PBXBuildFile; fileRef = D524DD8A179976EA00E97736 /* AkylasChartsLineLayer.h */; };
		D524DDB1179976EA00E97736 /* AkylasChartsLineLayer.m in Sources */ = {isa = PBXBuildFile; fileRef = D524DD8B179976EA00E97736 /* AkylasChartsLineLayer.m */; };
		D524DDB2179976EA00E97736 /* AkylasChartsMarkerAnnotation.h in Headers */ = {isa = PBXBuildFile; fileRef = D524DD8C179976EA00E97736 /* AkylasChartsMarkerAnnotation.h */; };
		D524DDB3179976EA00E97736 /* AkylasChartsMarkerAnnotation.m in Sources */ = {isa = PBXBuildFile; fileRef = D524DD8D179976EA00E97736 /* AkylasChartsMarkerAnnotation.m */; };
		D524DDB4179976EA00E97736 /* AkylasChartsMarkerLayer.h in Headers */ = {isa = PBXBuildFile; fileRef = D524DD8E179976EA00E97736 /* AkylasChartsMarkerLayer.h */; };
		D524DDB5179976EA00E97736 /* AkylasChartsMarkerLayer.m in Sources */ = {isa = PBXBuildFile; fileRef = D524DD8F179976EA00E97736 /* AkylasChartsMarkerLayer.m */; };
		D524DDB6179976EA00E97736 /* AkylasChartsParsers.h in Headers */ = {isa = PBXBuildFile; fileRef = D524DD90179976EA00E97736 /* AkylasChartsParsers.h */; };
		D524DDB7179976EA00E97736 /* AkylasChartsParsers.m in Sources */ = {isa = PBXBuildFile; fileRef = D524DD91179976EA00E97736 /* AkylasChartsParsers.m */; };
		D524DDB8179976EA00E97736 /* AkylasChartsPieChart.h in Headers */ = {isa = PBXBuildFile; fileRef = D524DD92179976EA00E97736 /* AkylasChartsPieChart.h */; };
		D524DDB9179976EA00E97736 /* AkylasChartsPieChart.m in Sources */ = {isa = PBXBuildFile; fileRef = D524DD93179976EA00E97736 /* AkylasChartsPieChart.m */; };
		D524DDBA179976EA00E97736 /* AkylasChartsPieChartProxy.h in Headers */ = {isa = PBXBuildFile; fileRef = D524DD94179976EA00E97736 /* AkylasChartsPieChartProxy.h */; };
		D524DDBB179976EA00E97736 /* AkylasChartsPieChartProxy.m in Sources */ = {isa = PBXBuildFile; fileRef = D524DD95179976EA00E97736 /* AkylasChartsPieChartProxy.m */; };
		D524DDBC179976EA00E97736 /* AkylasChartsPieSegmentProxy.h in Headers */ = {isa = PBXBuildFile; fileRef = D524DD96179976EA00E97736 /* AkylasChartsPieSegmentProxy.h */; };
		D524DDBD179976EA00E97736 /* AkylasChartsPieSegmentProxy.m in Sources */ = {isa = PBXBuildFile; fileRef = D524DD97179976EA00E97736 /* AkylasChartsPieSegmentProxy.m */; };
		D524DDBE179976EA00E97736 /* AkylasChartsPlotBarProxy.h in Headers */ = {isa = PBXBuildFile; fileRef = D524DD98179976EA00E97736 /* AkylasChartsPlotBarProxy.h */; };
		D524DDBF179976EA00E97736 /* AkylasChartsPlotBarProxy.m in Sources */ = {isa = PBXBuildFile; fileRef = D524DD99179976EA00E97736 /* AkylasChartsPlotBarProxy.m */; };
		D524DDC0179976EA00E97736 /* AkylasChartsPlotLineProxy.h in Headers */ = {isa = PBXBuildFile; fileRef = D524DD9A179976EA00E97736 /* AkylasChartsPlotLineProxy.h */; };
		D524DDC1179976EA00E97736 /* AkylasChartsPlotLineProxy.m in Sources */ = {isa = PBXBuildFile; fileRef = D524DD9B179976EA00E97736 /* AkylasChartsPlotLineProxy.m */; };
		D524DDC2179976EA00E97736 /* AkylasChartsPlotProxy.h in Headers */ = {isa = PBXBuildFile; fileRef = D524DD9C179976EA00E97736 /* AkylasChartsPlotProxy.h */; };
		D524DDC3179976EA00E97736 /* AkylasChartsPlotProxy.m in Sources */ = {isa = PBXBuildFile; fileRef = D524DD9D179976EA00E97736 /* AkylasChartsPlotProxy.m */; };
		D524DDC4179976EA00E97736 /* AkylasChartsPlotStepProxy.h in Headers */ = {isa = PBXBuildFile; fileRef = D524DD9E179976EA00E97736 /* AkylasChartsPlotStepProxy.h */; };
		D524DDC5179976EA00E97736 /* AkylasChartsPlotStepProxy.m in Sources */ = {isa = PBXBuildFile; fileRef = D524DD9F179976EA00E97736 /* AkylasChartsPlotStepProxy.m */; };
		D524DDC6179976EA00E97736 /* AkylasChartsScatterPlot.h in Headers */ = {isa = PBXBuildFile; fileRef = D524DDA0179976EA00E97736 /* AkylasChartsScatterPlot.h */; };
		D524DDC7179976EA00E97736 /* AkylasChartsScatterPlot.m in Sources */ = {isa = PBXBuildFile; fileRef = D524DDA1179976EA00E97736 /* AkylasChartsScatterPlot.m */; };
		D524DDC8179976EA00E97736 /* AkylasChartsScatterPlotProxy.h in Headers */ = {isa = PBXBuildFile; fileRef = D524DDA2179976EA00E97736 /* AkylasChartsScatterPlotProxy.h */; };
		D524DDC9179976EA00E97736 /* AkylasChartsScatterPlotProxy.m in Sources */ = {isa = PBXBuildFile; fileRef = D524DDA3179976EA00E97736 /* AkylasChartsScatterPlotProxy.m */; };
		D567C7F61925FD3D00182752 /* libCorePlot-CocoaTouch.a in Frameworks */ = {isa = PBXBuildFile; fileRef = D567C7F31925FD1F00182752 /* libCorePlot-CocoaTouch.a */; };
		D5A016CD192643F80005158A /* AkylasChartsMarkerProxy.h in Headers */ = {isa = PBXBuildFile; fileRef = D5A016CB192643F80005158A /* AkylasChartsMarkerProxy.h */; };
		D5A016CE192643F80005158A /* AkylasChartsMarkerProxy.m in Sources */ = {isa = PBXBuildFile; fileRef = D5A016CC192643F80005158A /* AkylasChartsMarkerProxy.m */; };
/* End PBXBuildFile section */

/* Begin PBXContainerItemProxy section */
		24416B8411C4CA280047AFDD /* PBXContainerItemProxy */ = {
			isa = PBXContainerItemProxy;
			containerPortal = 0867D690FE84028FC02AAC07 /* Project object */;
			proxyType = 1;
			remoteGlobalIDString = D2AAC07D0554694100DB518D;
			remoteInfo = ios;
		};
		D567C7F21925FD1F00182752 /* PBXContainerItemProxy */ = {
			isa = PBXContainerItemProxy;
			containerPortal = D567C7EC1925FD1F00182752 /* CorePlot-CocoaTouch.xcodeproj */;
			proxyType = 2;
			remoteGlobalIDString = BC9B83470FB8A0A40035D8DA;
			remoteInfo = "CorePlot-CocoaTouch";
		};
		D567C7F41925FD3800182752 /* PBXContainerItemProxy */ = {
			isa = PBXContainerItemProxy;
			containerPortal = D567C7EC1925FD1F00182752 /* CorePlot-CocoaTouch.xcodeproj */;
			proxyType = 1;
			remoteGlobalIDString = BC9B83460FB8A0A40035D8DA;
			remoteInfo = "CorePlot-CocoaTouch";
		};
/* End PBXContainerItemProxy section */

/* Begin PBXFileReference section */
		24DD6CF71134B3F500162E58 /* AkylasChartsModule.h */ = {isa = PBXFileReference; fileEncoding = 4; lastKnownFileType = sourcecode.c.h; name = AkylasChartsModule.h; path = Classes/AkylasChartsModule.h; sourceTree = "<group>"; };
		24DD6CF81134B3F500162E58 /* AkylasChartsModule.m */ = {isa = PBXFileReference; fileEncoding = 4; lastKnownFileType = sourcecode.c.objc; name = AkylasChartsModule.m; path = Classes/AkylasChartsModule.m; sourceTree = "<group>"; };
		24DD6D1B1134B66800162E58 /* titanium.xcconfig */ = {isa = PBXFileReference; fileEncoding = 4; lastKnownFileType = text.xcconfig; path = titanium.xcconfig; sourceTree = "<group>"; };
		24DE9E0F11C5FE74003F90F6 /* AkylasChartsModuleAssets.h */ = {isa = PBXFileReference; fileEncoding = 4; lastKnownFileType = sourcecode.c.h; name = AkylasChartsModuleAssets.h; path = Classes/AkylasChartsModuleAssets.h; sourceTree = "<group>"; };
		24DE9E1011C5FE74003F90F6 /* AkylasChartsModuleAssets.m */ = {isa = PBXFileReference; fileEncoding = 4; lastKnownFileType = sourcecode.c.objc; name = AkylasChartsModuleAssets.m; path = Classes/AkylasChartsModuleAssets.m; sourceTree = "<group>"; };
		AA747D9E0F9514B9006C5449 /* akylas.charts_Prefix.pch */ = {isa = PBXFileReference; fileEncoding = 4; lastKnownFileType = sourcecode.c.h; path = akylas.charts_Prefix.pch; sourceTree = "<group>"; };
		AACBBE490F95108600F1A2B1 /* Foundation.framework */ = {isa = PBXFileReference; lastKnownFileType = wrapper.framework; name = Foundation.framework; path = System/Library/Frameworks/Foundation.framework; sourceTree = SDKROOT; };
		D2AAC07E0554694100DB518D /* libakylas.charts.a */ = {isa = PBXFileReference; explicitFileType = archive.ar; includeInIndex = 0; path = libakylas.charts.a; sourceTree = BUILT_PRODUCTS_DIR; };
		D524DD7C1799767E00E97736 /* libCorePlot-CocoaTouch.a */ = {isa = PBXFileReference; lastKnownFileType = archive.ar; name = "libCorePlot-CocoaTouch.a"; path = "CorePlot/libCorePlot-CocoaTouch.a"; sourceTree = "<group>"; };
		D524DD7E179976EA00E97736 /* AkylasChartsChart.h */ = {isa = PBXFileReference; fileEncoding = 4; lastKnownFileType = sourcecode.c.h; name = AkylasChartsChart.h; path = Classes/AkylasChartsChart.h; sourceTree = "<group>"; };
		D524DD7F179976EA00E97736 /* AkylasChartsChart.m */ = {isa = PBXFileReference; fileEncoding = 4; lastKnownFileType = sourcecode.c.objc; name = AkylasChartsChart.m; path = Classes/AkylasChartsChart.m; sourceTree = "<group>"; };
		D524DD80179976EA00E97736 /* AkylasChartsChartProxy.h */ = {isa = PBXFileReference; fileEncoding = 4; lastKnownFileType = sourcecode.c.h; name = AkylasChartsChartProxy.h; path = Classes/AkylasChartsChartProxy.h; sourceTree = "<group>"; };
		D524DD81179976EA00E97736 /* AkylasChartsChartProxy.m */ = {isa = PBXFileReference; fileEncoding = 4; lastKnownFileType = sourcecode.c.objc; name = AkylasChartsChartProxy.m; path = Classes/AkylasChartsChartProxy.m; sourceTree = "<group>"; };
		D524DD82179976EA00E97736 /* AkylasChartsLabelFormatter.h */ = {isa = PBXFileReference; fileEncoding = 4; lastKnownFileType = sourcecode.c.h; name = AkylasChartsLabelFormatter.h; path = Classes/AkylasChartsLabelFormatter.h; sourceTree = "<group>"; };
		D524DD83179976EA00E97736 /* AkylasChartsLabelFormatter.m */ = {isa = PBXFileReference; fileEncoding = 4; lastKnownFileType = sourcecode.c.objc; name = AkylasChartsLabelFormatter.m; path = Classes/AkylasChartsLabelFormatter.m; sourceTree = "<group>"; };
		D524DD84179976EA00E97736 /* AkylasChartsLineAndTextLayer.h */ = {isa = PBXFileReference; fileEncoding = 4; lastKnownFileType = sourcecode.c.h; name = AkylasChartsLineAndTextLayer.h; path = Classes/AkylasChartsLineAndTextLayer.h; sourceTree = "<group>"; };
		D524DD85179976EA00E97736 /* AkylasChartsLineAndTextLayer.m */ = {isa = PBXFileReference; fileEncoding = 4; lastKnownFileType = sourcecode.c.objc; name = AkylasChartsLineAndTextLayer.m; path = Classes/AkylasChartsLineAndTextLayer.m; sourceTree = "<group>"; };
		D524DD86179976EA00E97736 /* AkylasChartsLineChart.h */ = {isa = PBXFileReference; fileEncoding = 4; lastKnownFileType = sourcecode.c.h; name = AkylasChartsLineChart.h; path = Classes/AkylasChartsLineChart.h; sourceTree = "<group>"; };
		D524DD87179976EA00E97736 /* AkylasChartsLineChart.m */ = {isa = PBXFileReference; fileEncoding = 4; lastKnownFileType = sourcecode.c.objc; name = AkylasChartsLineChart.m; path = Classes/AkylasChartsLineChart.m; sourceTree = "<group>"; };
		D524DD88179976EA00E97736 /* AkylasChartsLineChartProxy.h */ = {isa = PBXFileReference; fileEncoding = 4; lastKnownFileType = sourcecode.c.h; name = AkylasChartsLineChartProxy.h; path = Classes/AkylasChartsLineChartProxy.h; sourceTree = "<group>"; };
		D524DD89179976EA00E97736 /* AkylasChartsLineChartProxy.m */ = {isa = PBXFileReference; fileEncoding = 4; lastKnownFileType = sourcecode.c.objc; name = AkylasChartsLineChartProxy.m; path = Classes/AkylasChartsLineChartProxy.m; sourceTree = "<group>"; };
		D524DD8A179976EA00E97736 /* AkylasChartsLineLayer.h */ = {isa = PBXFileReference; fileEncoding = 4; lastKnownFileType = sourcecode.c.h; name = AkylasChartsLineLayer.h; path = Classes/AkylasChartsLineLayer.h; sourceTree = "<group>"; };
		D524DD8B179976EA00E97736 /* AkylasChartsLineLayer.m */ = {isa = PBXFileReference; fileEncoding = 4; lastKnownFileType = sourcecode.c.objc; name = AkylasChartsLineLayer.m; path = Classes/AkylasChartsLineLayer.m; sourceTree = "<group>"; };
		D524DD8C179976EA00E97736 /* AkylasChartsMarkerAnnotation.h */ = {isa = PBXFileReference; fileEncoding = 4; lastKnownFileType = sourcecode.c.h; name = AkylasChartsMarkerAnnotation.h; path = Classes/AkylasChartsMarkerAnnotation.h; sourceTree = "<group>"; };
		D524DD8D179976EA00E97736 /* AkylasChartsMarkerAnnotation.m */ = {isa = PBXFileReference; fileEncoding = 4; lastKnownFileType = sourcecode.c.objc; name = AkylasChartsMarkerAnnotation.m; path = Classes/AkylasChartsMarkerAnnotation.m; sourceTree = "<group>"; };
		D524DD8E179976EA00E97736 /* AkylasChartsMarkerLayer.h */ = {isa = PBXFileReference; fileEncoding = 4; lastKnownFileType = sourcecode.c.h; name = AkylasChartsMarkerLayer.h; path = Classes/AkylasChartsMarkerLayer.h; sourceTree = "<group>"; };
		D524DD8F179976EA00E97736 /* AkylasChartsMarkerLayer.m */ = {isa = PBXFileReference; fileEncoding = 4; lastKnownFileType = sourcecode.c.objc; name = AkylasChartsMarkerLayer.m; path = Classes/AkylasChartsMarkerLayer.m; sourceTree = "<group>"; };
		D524DD90179976EA00E97736 /* AkylasChartsParsers.h */ = {isa = PBXFileReference; fileEncoding = 4; lastKnownFileType = sourcecode.c.h; name = AkylasChartsParsers.h; path = Classes/AkylasChartsParsers.h; sourceTree = "<group>"; };
		D524DD91179976EA00E97736 /* AkylasChartsParsers.m */ = {isa = PBXFileReference; fileEncoding = 4; lastKnownFileType = sourcecode.c.objc; name = AkylasChartsParsers.m; path = Classes/AkylasChartsParsers.m; sourceTree = "<group>"; };
		D524DD92179976EA00E97736 /* AkylasChartsPieChart.h */ = {isa = PBXFileReference; fileEncoding = 4; lastKnownFileType = sourcecode.c.h; name = AkylasChartsPieChart.h; path = Classes/AkylasChartsPieChart.h; sourceTree = "<group>"; };
		D524DD93179976EA00E97736 /* AkylasChartsPieChart.m */ = {isa = PBXFileReference; fileEncoding = 4; lastKnownFileType = sourcecode.c.objc; name = AkylasChartsPieChart.m; path = Classes/AkylasChartsPieChart.m; sourceTree = "<group>"; };
		D524DD94179976EA00E97736 /* AkylasChartsPieChartProxy.h */ = {isa = PBXFileReference; fileEncoding = 4; lastKnownFileType = sourcecode.c.h; name = AkylasChartsPieChartProxy.h; path = Classes/AkylasChartsPieChartProxy.h; sourceTree = "<group>"; };
		D524DD95179976EA00E97736 /* AkylasChartsPieChartProxy.m */ = {isa = PBXFileReference; fileEncoding = 4; lastKnownFileType = sourcecode.c.objc; name = AkylasChartsPieChartProxy.m; path = Classes/AkylasChartsPieChartProxy.m; sourceTree = "<group>"; };
		D524DD96179976EA00E97736 /* AkylasChartsPieSegmentProxy.h */ = {isa = PBXFileReference; fileEncoding = 4; lastKnownFileType = sourcecode.c.h; name = AkylasChartsPieSegmentProxy.h; path = Classes/AkylasChartsPieSegmentProxy.h; sourceTree = "<group>"; };
		D524DD97179976EA00E97736 /* AkylasChartsPieSegmentProxy.m */ = {isa = PBXFileReference; fileEncoding = 4; lastKnownFileType = sourcecode.c.objc; name = AkylasChartsPieSegmentProxy.m; path = Classes/AkylasChartsPieSegmentProxy.m; sourceTree = "<group>"; };
		D524DD98179976EA00E97736 /* AkylasChartsPlotBarProxy.h */ = {isa = PBXFileReference; fileEncoding = 4; lastKnownFileType = sourcecode.c.h; name = AkylasChartsPlotBarProxy.h; path = Classes/AkylasChartsPlotBarProxy.h; sourceTree = "<group>"; };
		D524DD99179976EA00E97736 /* AkylasChartsPlotBarProxy.m */ = {isa = PBXFileReference; fileEncoding = 4; lastKnownFileType = sourcecode.c.objc; name = AkylasChartsPlotBarProxy.m; path = Classes/AkylasChartsPlotBarProxy.m; sourceTree = "<group>"; };
		D524DD9A179976EA00E97736 /* AkylasChartsPlotLineProxy.h */ = {isa = PBXFileReference; fileEncoding = 4; lastKnownFileType = sourcecode.c.h; name = AkylasChartsPlotLineProxy.h; path = Classes/AkylasChartsPlotLineProxy.h; sourceTree = "<group>"; };
		D524DD9B179976EA00E97736 /* AkylasChartsPlotLineProxy.m */ = {isa = PBXFileReference; fileEncoding = 4; lastKnownFileType = sourcecode.c.objc; name = AkylasChartsPlotLineProxy.m; path = Classes/AkylasChartsPlotLineProxy.m; sourceTree = "<group>"; };
		D524DD9C179976EA00E97736 /* AkylasChartsPlotProxy.h */ = {isa = PBXFileReference; fileEncoding = 4; lastKnownFileType = sourcecode.c.h; name = AkylasChartsPlotProxy.h; path = Classes/AkylasChartsPlotProxy.h; sourceTree = "<group>"; };
		D524DD9D179976EA00E97736 /* AkylasChartsPlotProxy.m */ = {isa = PBXFileReference; fileEncoding = 4; lastKnownFileType = sourcecode.c.objc; name = AkylasChartsPlotProxy.m; path = Classes/AkylasChartsPlotProxy.m; sourceTree = "<group>"; };
		D524DD9E179976EA00E97736 /* AkylasChartsPlotStepProxy.h */ = {isa = PBXFileReference; fileEncoding = 4; lastKnownFileType = sourcecode.c.h; name = AkylasChartsPlotStepProxy.h; path = Classes/AkylasChartsPlotStepProxy.h; sourceTree = "<group>"; };
		D524DD9F179976EA00E97736 /* AkylasChartsPlotStepProxy.m */ = {isa = PBXFileReference; fileEncoding = 4; lastKnownFileType = sourcecode.c.objc; name = AkylasChartsPlotStepProxy.m; path = Classes/AkylasChartsPlotStepProxy.m; sourceTree = "<group>"; };
		D524DDA0179976EA00E97736 /* AkylasChartsScatterPlot.h */ = {isa = PBXFileReference; fileEncoding = 4; lastKnownFileType = sourcecode.c.h; name = AkylasChartsScatterPlot.h; path = Classes/AkylasChartsScatterPlot.h; sourceTree = "<group>"; };
		D524DDA1179976EA00E97736 /* AkylasChartsScatterPlot.m */ = {isa = PBXFileReference; fileEncoding = 4; lastKnownFileType = sourcecode.c.objc; name = AkylasChartsScatterPlot.m; path = Classes/AkylasChartsScatterPlot.m; sourceTree = "<group>"; };
		D524DDA2179976EA00E97736 /* AkylasChartsScatterPlotProxy.h */ = {isa = PBXFileReference; fileEncoding = 4; lastKnownFileType = sourcecode.c.h; name = AkylasChartsScatterPlotProxy.h; path = Classes/AkylasChartsScatterPlotProxy.h; sourceTree = "<group>"; };
		D524DDA3179976EA00E97736 /* AkylasChartsScatterPlotProxy.m */ = {isa = PBXFileReference; fileEncoding = 4; lastKnownFileType = sourcecode.c.objc; name = AkylasChartsScatterPlotProxy.m; path = Classes/AkylasChartsScatterPlotProxy.m; sourceTree = "<group>"; };
		D567C7EC1925FD1F00182752 /* CorePlot-CocoaTouch.xcodeproj */ = {isa = PBXFileReference; lastKnownFileType = "wrapper.pb-project"; name = "CorePlot-CocoaTouch.xcodeproj"; path = "../../../../../ios/CorePlot/framework/CorePlot-CocoaTouch.xcodeproj"; sourceTree = "<group>"; };
		D5A016CB192643F80005158A /* AkylasChartsMarkerProxy.h */ = {isa = PBXFileReference; fileEncoding = 4; lastKnownFileType = sourcecode.c.h; name = AkylasChartsMarkerProxy.h; path = Classes/AkylasChartsMarkerProxy.h; sourceTree = "<group>"; };
		D5A016CC192643F80005158A /* AkylasChartsMarkerProxy.m */ = {isa = PBXFileReference; fileEncoding = 4; lastKnownFileType = sourcecode.c.objc; name = AkylasChartsMarkerProxy.m; path = Classes/AkylasChartsMarkerProxy.m; sourceTree = "<group>"; };
/* End PBXFileReference section */

/* Begin PBXFrameworksBuildPhase section */
		D2AAC07C0554694100DB518D /* Frameworks */ = {
			isa = PBXFrameworksBuildPhase;
			buildActionMask = 2147483647;
			files = (
				D567C7F61925FD3D00182752 /* libCorePlot-CocoaTouch.a in Frameworks */,
				AACBBE4A0F95108600F1A2B1 /* Foundation.framework in Frameworks */,
			);
			runOnlyForDeploymentPostprocessing = 0;
		};
/* End PBXFrameworksBuildPhase section */

/* Begin PBXGroup section */
		034768DFFF38A50411DB9C8B /* Products */ = {
			isa = PBXGroup;
			children = (
				D2AAC07E0554694100DB518D /* libakylas.charts.a */,
			);
			name = Products;
			sourceTree = "<group>";
		};
		0867D691FE84028FC02AAC07 /* ios */ = {
			isa = PBXGroup;
			children = (
				D567C7EC1925FD1F00182752 /* CorePlot-CocoaTouch.xcodeproj */,
				08FB77AEFE84172EC02AAC07 /* Classes */,
				32C88DFF0371C24200C91783 /* Other Sources */,
				0867D69AFE84028FC02AAC07 /* Frameworks */,
				034768DFFF38A50411DB9C8B /* Products */,
			);
			name = ios;
			sourceTree = "<group>";
		};
		0867D69AFE84028FC02AAC07 /* Frameworks */ = {
			isa = PBXGroup;
			children = (
				D524DD7C1799767E00E97736 /* libCorePlot-CocoaTouch.a */,
				AACBBE490F95108600F1A2B1 /* Foundation.framework */,
			);
			name = Frameworks;
			sourceTree = "<group>";
		};
		08FB77AEFE84172EC02AAC07 /* Classes */ = {
			isa = PBXGroup;
			children = (
				24DE9E0F11C5FE74003F90F6 /* AkylasChartsModuleAssets.h */,
				24DE9E1011C5FE74003F90F6 /* AkylasChartsModuleAssets.m */,
				24DD6CF71134B3F500162E58 /* AkylasChartsModule.h */,
				24DD6CF81134B3F500162E58 /* AkylasChartsModule.m */,
				D524DD7E179976EA00E97736 /* AkylasChartsChart.h */,
				D524DD7F179976EA00E97736 /* AkylasChartsChart.m */,
				D524DD80179976EA00E97736 /* AkylasChartsChartProxy.h */,
				D524DD81179976EA00E97736 /* AkylasChartsChartProxy.m */,
				D524DD82179976EA00E97736 /* AkylasChartsLabelFormatter.h */,
				D524DD83179976EA00E97736 /* AkylasChartsLabelFormatter.m */,
				D524DD84179976EA00E97736 /* AkylasChartsLineAndTextLayer.h */,
				D524DD85179976EA00E97736 /* AkylasChartsLineAndTextLayer.m */,
				D524DD86179976EA00E97736 /* AkylasChartsLineChart.h */,
				D524DD87179976EA00E97736 /* AkylasChartsLineChart.m */,
				D524DD88179976EA00E97736 /* AkylasChartsLineChartProxy.h */,
				D524DD89179976EA00E97736 /* AkylasChartsLineChartProxy.m */,
				D524DD8A179976EA00E97736 /* AkylasChartsLineLayer.h */,
				D524DD8B179976EA00E97736 /* AkylasChartsLineLayer.m */,
				D524DD8C179976EA00E97736 /* AkylasChartsMarkerAnnotation.h */,
				D524DD8D179976EA00E97736 /* AkylasChartsMarkerAnnotation.m */,
				D5A016CB192643F80005158A /* AkylasChartsMarkerProxy.h */,
				D5A016CC192643F80005158A /* AkylasChartsMarkerProxy.m */,
				D524DD8E179976EA00E97736 /* AkylasChartsMarkerLayer.h */,
				D524DD8F179976EA00E97736 /* AkylasChartsMarkerLayer.m */,
				D524DD90179976EA00E97736 /* AkylasChartsParsers.h */,
				D524DD91179976EA00E97736 /* AkylasChartsParsers.m */,
				D524DD92179976EA00E97736 /* AkylasChartsPieChart.h */,
				D524DD93179976EA00E97736 /* AkylasChartsPieChart.m */,
				D524DD94179976EA00E97736 /* AkylasChartsPieChartProxy.h */,
				D524DD95179976EA00E97736 /* AkylasChartsPieChartProxy.m */,
				D524DD96179976EA00E97736 /* AkylasChartsPieSegmentProxy.h */,
				D524DD97179976EA00E97736 /* AkylasChartsPieSegmentProxy.m */,
				D524DD98179976EA00E97736 /* AkylasChartsPlotBarProxy.h */,
				D524DD99179976EA00E97736 /* AkylasChartsPlotBarProxy.m */,
				D524DD9A179976EA00E97736 /* AkylasChartsPlotLineProxy.h */,
				D524DD9B179976EA00E97736 /* AkylasChartsPlotLineProxy.m */,
				D524DD9C179976EA00E97736 /* AkylasChartsPlotProxy.h */,
				D524DD9D179976EA00E97736 /* AkylasChartsPlotProxy.m */,
				D524DD9E179976EA00E97736 /* AkylasChartsPlotStepProxy.h */,
				D524DD9F179976EA00E97736 /* AkylasChartsPlotStepProxy.m */,
				D524DDA0179976EA00E97736 /* AkylasChartsScatterPlot.h */,
				D524DDA1179976EA00E97736 /* AkylasChartsScatterPlot.m */,
				D524DDA2179976EA00E97736 /* AkylasChartsScatterPlotProxy.h */,
				D524DDA3179976EA00E97736 /* AkylasChartsScatterPlotProxy.m */,
			);
			name = Classes;
			sourceTree = "<group>";
		};
		32C88DFF0371C24200C91783 /* Other Sources */ = {
			isa = PBXGroup;
			children = (
				AA747D9E0F9514B9006C5449 /* akylas.charts_Prefix.pch */,
				24DD6D1B1134B66800162E58 /* titanium.xcconfig */,
			);
			name = "Other Sources";
			sourceTree = "<group>";
		};
		D567C7ED1925FD1F00182752 /* Products */ = {
			isa = PBXGroup;
			children = (
				D567C7F31925FD1F00182752 /* libCorePlot-CocoaTouch.a */,
			);
			name = Products;
			sourceTree = "<group>";
		};
/* End PBXGroup section */

/* Begin PBXHeadersBuildPhase section */
		D2AAC07A0554694100DB518D /* Headers */ = {
			isa = PBXHeadersBuildPhase;
			buildActionMask = 2147483647;
			files = (
				AA747D9F0F9514B9006C5449 /* akylas.charts_Prefix.pch in Headers */,
				24DD6CF91134B3F500162E58 /* AkylasChartsModule.h in Headers */,
				24DE9E1111C5FE74003F90F6 /* AkylasChartsModuleAssets.h in Headers */,
				D524DDA4179976EA00E97736 /* AkylasChartsChart.h in Headers */,
				D524DDA6179976EA00E97736 /* AkylasChartsChartProxy.h in Headers */,
				D524DDA8179976EA00E97736 /* AkylasChartsLabelFormatter.h in Headers */,
				D524DDAA179976EA00E97736 /* AkylasChartsLineAndTextLayer.h in Headers */,
				D524DDAC179976EA00E97736 /* AkylasChartsLineChart.h in Headers */,
				D524DDAE179976EA00E97736 /* AkylasChartsLineChartProxy.h in Headers */,
				D524DDB0179976EA00E97736 /* AkylasChartsLineLayer.h in Headers */,
				D524DDB2179976EA00E97736 /* AkylasChartsMarkerAnnotation.h in Headers */,
				D524DDB4179976EA00E97736 /* AkylasChartsMarkerLayer.h in Headers */,
				D524DDB6179976EA00E97736 /* AkylasChartsParsers.h in Headers */,
				D524DDB8179976EA00E97736 /* AkylasChartsPieChart.h in Headers */,
				D524DDBA179976EA00E97736 /* AkylasChartsPieChartProxy.h in Headers */,
				D524DDBC179976EA00E97736 /* AkylasChartsPieSegmentProxy.h in Headers */,
				D524DDBE179976EA00E97736 /* AkylasChartsPlotBarProxy.h in Headers */,
				D524DDC0179976EA00E97736 /* AkylasChartsPlotLineProxy.h in Headers */,
				D524DDC2179976EA00E97736 /* AkylasChartsPlotProxy.h in Headers */,
				D524DDC4179976EA00E97736 /* AkylasChartsPlotStepProxy.h in Headers */,
				D524DDC6179976EA00E97736 /* AkylasChartsScatterPlot.h in Headers */,
				D5A016CD192643F80005158A /* AkylasChartsMarkerProxy.h in Headers */,
				D524DDC8179976EA00E97736 /* AkylasChartsScatterPlotProxy.h in Headers */,
			);
			runOnlyForDeploymentPostprocessing = 0;
		};
/* End PBXHeadersBuildPhase section */

/* Begin PBXNativeTarget section */
		D2AAC07D0554694100DB518D /* akylas.charts */ = {
			isa = PBXNativeTarget;
			buildConfigurationList = 1DEB921E08733DC00010E9CD /* Build configuration list for PBXNativeTarget "akylas.charts" */;
			buildPhases = (
				D2AAC07A0554694100DB518D /* Headers */,
				D2AAC07B0554694100DB518D /* Sources */,
				D2AAC07C0554694100DB518D /* Frameworks */,
			);
			buildRules = (
			);
			dependencies = (
				D567C7F51925FD3800182752 /* PBXTargetDependency */,
			);
			name = akylas.charts;
			productName = ios;
			productReference = D2AAC07E0554694100DB518D /* libakylas.charts.a */;
			productType = "com.apple.product-type.library.static";
		};
/* End PBXNativeTarget section */

/* Begin PBXProject section */
		0867D690FE84028FC02AAC07 /* Project object */ = {
			isa = PBXProject;
			attributes = {
			};
			buildConfigurationList = 1DEB922208733DC00010E9CD /* Build configuration list for PBXProject "akylas.charts" */;
			compatibilityVersion = "Xcode 3.1";
			developmentRegion = English;
			hasScannedForEncodings = 1;
			knownRegions = (
				English,
				Japanese,
				French,
				German,
			);
			mainGroup = 0867D691FE84028FC02AAC07 /* ios */;
			productRefGroup = 034768DFFF38A50411DB9C8B /* Products */;
			projectDirPath = "";
			projectReferences = (
				{
					ProductGroup = D567C7ED1925FD1F00182752 /* Products */;
					ProjectRef = D567C7EC1925FD1F00182752 /* CorePlot-CocoaTouch.xcodeproj */;
				},
			);
			projectRoot = "";
			targets = (
				D2AAC07D0554694100DB518D /* akylas.charts */,
				24416B8111C4CA220047AFDD /* Build & Test */,
			);
		};
/* End PBXProject section */

/* Begin PBXReferenceProxy section */
		D567C7F31925FD1F00182752 /* libCorePlot-CocoaTouch.a */ = {
			isa = PBXReferenceProxy;
			fileType = archive.ar;
			path = "libCorePlot-CocoaTouch.a";
			remoteRef = D567C7F21925FD1F00182752 /* PBXContainerItemProxy */;
			sourceTree = BUILT_PRODUCTS_DIR;
		};
/* End PBXReferenceProxy section */

/* Begin PBXShellScriptBuildPhase section */
		24416B8011C4CA220047AFDD /* ShellScript */ = {
			isa = PBXShellScriptBuildPhase;
			buildActionMask = 2147483647;
			files = (
			);
			inputPaths = (
			);
			outputPaths = (
			);
			runOnlyForDeploymentPostprocessing = 0;
			shellPath = /bin/sh;
			shellScript = "# shell script goes here\n\npython \"${TITANIUM_SDK}/titanium.py\" run --dir=\"${PROJECT_DIR}\"\nexit $?\n";
		};
/* End PBXShellScriptBuildPhase section */

/* Begin PBXSourcesBuildPhase section */
		D2AAC07B0554694100DB518D /* Sources */ = {
			isa = PBXSourcesBuildPhase;
			buildActionMask = 2147483647;
			files = (
				24DD6CFA1134B3F500162E58 /* AkylasChartsModule.m in Sources */,
				24DE9E1211C5FE74003F90F6 /* AkylasChartsModuleAssets.m in Sources */,
				D524DDA5179976EA00E97736 /* AkylasChartsChart.m in Sources */,
				D5A016CE192643F80005158A /* AkylasChartsMarkerProxy.m in Sources */,
				D524DDA7179976EA00E97736 /* AkylasChartsChartProxy.m in Sources */,
				D524DDA9179976EA00E97736 /* AkylasChartsLabelFormatter.m in Sources */,
				D524DDAB179976EA00E97736 /* AkylasChartsLineAndTextLayer.m in Sources */,
				D524DDAD179976EA00E97736 /* AkylasChartsLineChart.m in Sources */,
				D524DDAF179976EA00E97736 /* AkylasChartsLineChartProxy.m in Sources */,
				D524DDB1179976EA00E97736 /* AkylasChartsLineLayer.m in Sources */,
				D524DDB3179976EA00E97736 /* AkylasChartsMarkerAnnotation.m in Sources */,
				D524DDB5179976EA00E97736 /* AkylasChartsMarkerLayer.m in Sources */,
				D524DDB7179976EA00E97736 /* AkylasChartsParsers.m in Sources */,
				D524DDB9179976EA00E97736 /* AkylasChartsPieChart.m in Sources */,
				D524DDBB179976EA00E97736 /* AkylasChartsPieChartProxy.m in Sources */,
				D524DDBD179976EA00E97736 /* AkylasChartsPieSegmentProxy.m in Sources */,
				D524DDBF179976EA00E97736 /* AkylasChartsPlotBarProxy.m in Sources */,
				D524DDC1179976EA00E97736 /* AkylasChartsPlotLineProxy.m in Sources */,
				D524DDC3179976EA00E97736 /* AkylasChartsPlotProxy.m in Sources */,
				D524DDC5179976EA00E97736 /* AkylasChartsPlotStepProxy.m in Sources */,
				D524DDC7179976EA00E97736 /* AkylasChartsScatterPlot.m in Sources */,
				D524DDC9179976EA00E97736 /* AkylasChartsScatterPlotProxy.m in Sources */,
			);
			runOnlyForDeploymentPostprocessing = 0;
		};
/* End PBXSourcesBuildPhase section */

/* Begin PBXTargetDependency section */
		24416B8511C4CA280047AFDD /* PBXTargetDependency */ = {
			isa = PBXTargetDependency;
			target = D2AAC07D0554694100DB518D /* akylas.charts */;
			targetProxy = 24416B8411C4CA280047AFDD /* PBXContainerItemProxy */;
		};
		D567C7F51925FD3800182752 /* PBXTargetDependency */ = {
			isa = PBXTargetDependency;
			name = "CorePlot-CocoaTouch";
			targetProxy = D567C7F41925FD3800182752 /* PBXContainerItemProxy */;
		};
/* End PBXTargetDependency section */

/* Begin XCBuildConfiguration section */
		1DEB921F08733DC00010E9CD /* Debug */ = {
			isa = XCBuildConfiguration;
			baseConfigurationReference = 24DD6D1B1134B66800162E58 /* titanium.xcconfig */;
			buildSettings = {
				DSTROOT = /tmp/AkylasCharts.dst;
				GCC_C_LANGUAGE_STANDARD = c99;
				GCC_PRECOMPILE_PREFIX_HEADER = YES;
				GCC_PREFIX_HEADER = akylas.charts_Prefix.pch;
				GCC_PREPROCESSOR_DEFINITIONS = "TI_VERSION=$(TI_VERSION)";
				GCC_TREAT_WARNINGS_AS_ERRORS = NO;
				GCC_WARN_ABOUT_RETURN_TYPE = NO;
				GCC_WARN_MISSING_PARENTHESES = NO;
				GCC_WARN_SHADOW = NO;
				GCC_WARN_STRICT_SELECTOR_MATCH = NO;
				GCC_WARN_UNUSED_FUNCTION = YES;
				GCC_WARN_UNUSED_PARAMETER = NO;
				GCC_WARN_UNUSED_VALUE = NO;
				GCC_WARN_UNUSED_VARIABLE = NO;
				HEADER_SEARCH_PATHS = (
					"$(TITANIUM_BASE_SDK)/**",
					"$(BUILT_PRODUCTS_DIR)/include/CorePlot-CocoaTouch/**",
					"$(BUILD_DIR)/$(CONFIGURATION)$(EFFECTIVE_PLATFORM_NAME)/**",
				);
				LIBRARY_SEARCH_PATHS = "$(inherited)";
				PRIVATE_HEADERS_FOLDER_PATH = "$(BUILD_DIR)/$(CONFIGURATION)$(EFFECTIVE_PLATFORM_NAME)";
				PRODUCT_NAME = akylas.charts;
				RUN_CLANG_STATIC_ANALYZER = NO;
				TITANIUM_SDK_VERSION = 3.3.0.AKYLAS;
			};
			name = Debug;
		};
		1DEB922008733DC00010E9CD /* Release */ = {
			isa = XCBuildConfiguration;
			baseConfigurationReference = 24DD6D1B1134B66800162E58 /* titanium.xcconfig */;
			buildSettings = {
				DSTROOT = /tmp/AkylasCharts.dst;
				GCC_C_LANGUAGE_STANDARD = c99;
				GCC_MODEL_TUNING = G5;
				GCC_PRECOMPILE_PREFIX_HEADER = YES;
				GCC_PREFIX_HEADER = akylas.charts_Prefix.pch;
				GCC_PREPROCESSOR_DEFINITIONS = "TI_VERSION=$(TI_VERSION)";
				GCC_TREAT_WARNINGS_AS_ERRORS = NO;
				GCC_WARN_ABOUT_RETURN_TYPE = NO;
				GCC_WARN_MISSING_PARENTHESES = NO;
				GCC_WARN_SHADOW = NO;
				GCC_WARN_STRICT_SELECTOR_MATCH = NO;
				GCC_WARN_UNUSED_FUNCTION = YES;
				GCC_WARN_UNUSED_PARAMETER = NO;
				GCC_WARN_UNUSED_VALUE = NO;
				GCC_WARN_UNUSED_VARIABLE = NO;
				HEADER_SEARCH_PATHS = (
					"$(TITANIUM_BASE_SDK)/**",
					"$(BUILT_PRODUCTS_DIR)/include/CorePlot-CocoaTouch/**",
					"$(BUILD_DIR)/$(CONFIGURATION)$(EFFECTIVE_PLATFORM_NAME)/**",
				);
				IPHONEOS_DEPLOYMENT_TARGET = 4.0;
				LIBRARY_SEARCH_PATHS = "$(inherited)";
				PRIVATE_HEADERS_FOLDER_PATH = "$(BUILD_DIR)/$(CONFIGURATION)$(EFFECTIVE_PLATFORM_NAME)";
				PRODUCT_NAME = akylas.charts;
				RUN_CLANG_STATIC_ANALYZER = NO;
				TITANIUM_SDK_VERSION = 3.3.0.AKYLAS;
			};
			name = Release;
		};
		1DEB922308733DC00010E9CD /* Debug */ = {
			isa = XCBuildConfiguration;
			baseConfigurationReference = 24DD6D1B1134B66800162E58 /* titanium.xcconfig */;
			buildSettings = {
				CODE_SIGN_IDENTITY = "iPhone Developer";
				"CODE_SIGN_IDENTITY[sdk=iphoneos*]" = "iPhone Developer";
				DSTROOT = /tmp/AkylasCharts.dst;
				GCC_C_LANGUAGE_STANDARD = c99;
				GCC_OPTIMIZATION_LEVEL = 0;
				GCC_PRECOMPILE_PREFIX_HEADER = YES;
				GCC_PREFIX_HEADER = AkylasCharts_Prefix.pch;
				GCC_TREAT_WARNINGS_AS_ERRORS = NO;
				HEADER_SEARCH_PATHS = "$(TITANIUM_BASE_SDK)/**";
				OTHER_CFLAGS = (
					"-DDEBUG",
					"-DTI_POST_1_2",
				);
				OTHER_LDFLAGS = "-ObjC";
				PRODUCT_NAME = "$(PROJECT_NAME";
				PROVISIONING_PROFILE = "";
				"PROVISIONING_PROFILE[sdk=iphoneos*]" = "";
				SDKROOT = iphoneos;
				TITANIUM_SDK_VERSION = 3.3.0.AKYLAS;
			};
			name = Debug;
		};
		1DEB922408733DC00010E9CD /* Release */ = {
			isa = XCBuildConfiguration;
			baseConfigurationReference = 24DD6D1B1134B66800162E58 /* titanium.xcconfig */;
			buildSettings = {
				ALWAYS_SEARCH_USER_PATHS = NO;
				DSTROOT = /tmp/AkylasCharts.dst;
				GCC_C_LANGUAGE_STANDARD = c99;
				GCC_MODEL_TUNING = G5;
				GCC_PRECOMPILE_PREFIX_HEADER = YES;
				GCC_PREFIX_HEADER = AkylasCharts_Prefix.pch;
				GCC_TREAT_WARNINGS_AS_ERRORS = NO;
				HEADER_SEARCH_PATHS = "$(TITANIUM_BASE_SDK)/**";
				IPHONEOS_DEPLOYMENT_TARGET = 4.0;
				OTHER_CFLAGS = "-DTI_POST_1_2";
				OTHER_LDFLAGS = "-ObjC";
				PRODUCT_NAME = "$(PROJECT_NAME";
				SDKROOT = iphoneos;
				TITANIUM_SDK_VERSION = 3.3.0.AKYLAS;
			};
			name = Release;
		};
		24416B8211C4CA220047AFDD /* Debug */ = {
			isa = XCBuildConfiguration;
			baseConfigurationReference = 24DD6D1B1134B66800162E58 /* titanium.xcconfig */;
			buildSettings = {
				COPY_PHASE_STRIP = NO;
				GCC_DYNAMIC_NO_PIC = NO;
				GCC_OPTIMIZATION_LEVEL = 0;
				PRODUCT_NAME = "Build & test";
			};
			name = Debug;
		};
		24416B8311C4CA220047AFDD /* Release */ = {
			isa = XCBuildConfiguration;
			baseConfigurationReference = 24DD6D1B1134B66800162E58 /* titanium.xcconfig */;
			buildSettings = {
				COPY_PHASE_STRIP = YES;
				DEBUG_INFORMATION_FORMAT = "dwarf-with-dsym";
				GCC_ENABLE_FIX_AND_CONTINUE = NO;
				PRODUCT_NAME = "Build & test";
				ZERO_LINK = NO;
			};
			name = Release;
		};
/* End XCBuildConfiguration section */

/* Begin XCConfigurationList section */
		1DEB921E08733DC00010E9CD /* Build configuration list for PBXNativeTarget "akylas.charts" */ = {
			isa = XCConfigurationList;
			buildConfigurations = (
				1DEB921F08733DC00010E9CD /* Debug */,
				1DEB922008733DC00010E9CD /* Release */,
			);
			defaultConfigurationIsVisible = 0;
			defaultConfigurationName = Release;
		};
		1DEB922208733DC00010E9CD /* Build configuration list for PBXProject "akylas.charts" */ = {
			isa = XCConfigurationList;
			buildConfigurations = (
				1DEB922308733DC00010E9CD /* Debug */,
				1DEB922408733DC00010E9CD /* Release */,
			);
			defaultConfigurationIsVisible = 0;
			defaultConfigurationName = Release;
		};
		24416B8A11C4CA520047AFDD /* Build configuration list for PBXAggregateTarget "Build & Test" */ = {
			isa = XCConfigurationList;
			buildConfigurations = (
				24416B8211C4CA220047AFDD /* Debug */,
				24416B8311C4CA220047AFDD /* Release */,
			);
			defaultConfigurationIsVisible = 0;
			defaultConfigurationName = Release;
		};
/* End XCConfigurationList section */
	};
	rootObject = 0867D690FE84028FC02AAC07 /* Project object */;
}
